PODS:
  - Alamofire (5.4.4)
  - CryptoSwift (1.3.1)
  - EllipticCurveKeyPair (2.0)
  - lottie-ios (3.4.3)
  - MBProgressHUD (1.2.0)
  - pmtest (1.1.0)
  - ProtonCore-AccountDeletion/Crypto-Go1.19.4 (3.25.2):
    - ProtonCore-Authentication/Crypto-Go1.19.4 (= 3.25.2)
    - ProtonCore-CoreTranslation (= 3.25.2)
    - ProtonCore-Doh (= 3.25.2)
    - ProtonCore-Foundations (= 3.25.2)
    - ProtonCore-Log (= 3.25.2)
    - ProtonCore-Networking (= 3.25.2)
    - ProtonCore-Services (= 3.25.2)
    - ProtonCore-UIFoundations (= 3.25.2)
    - ProtonCore-Utilities (= 3.25.2)
  - ProtonCore-APIClient (3.25.2):
    - "ProtonCore-APIClient/Crypto+Search-Go1.15.15 (= 3.25.2)"
    - "ProtonCore-APIClient/Crypto+Search-Go1.19.4 (= 3.25.2)"
    - "ProtonCore-APIClient/Crypto+VPN-Go1.15.15 (= 3.25.2)"
    - "ProtonCore-APIClient/Crypto+VPN-Go1.19.4 (= 3.25.2)"
    - ProtonCore-APIClient/Crypto-Go1.18.8 (= 3.25.2)
    - ProtonCore-APIClient/Crypto-Go1.19.4 (= 3.25.2)
    - ProtonCore-APIClient/Crypto-patched-Go1.19.4 (= 3.25.2)
    - ProtonCore-DataModel (= 3.25.2)
    - ProtonCore-Networking (= 3.25.2)
    - ProtonCore-Services (= 3.25.2)
  - "ProtonCore-APIClient/Crypto+Search-Go1.15.15 (3.25.2)":
    - ProtonCore-DataModel (= 3.25.2)
    - ProtonCore-Networking (= 3.25.2)
    - ProtonCore-Services (= 3.25.2)
  - "ProtonCore-APIClient/Crypto+Search-Go1.19.4 (3.25.2)":
    - ProtonCore-DataModel (= 3.25.2)
    - ProtonCore-Networking (= 3.25.2)
    - ProtonCore-Services (= 3.25.2)
  - "ProtonCore-APIClient/Crypto+VPN-Go1.15.15 (3.25.2)":
    - ProtonCore-DataModel (= 3.25.2)
    - ProtonCore-Networking (= 3.25.2)
    - ProtonCore-Services (= 3.25.2)
  - "ProtonCore-APIClient/Crypto+VPN-Go1.19.4 (3.25.2)":
    - ProtonCore-DataModel (= 3.25.2)
    - ProtonCore-Networking (= 3.25.2)
    - ProtonCore-Services (= 3.25.2)
  - ProtonCore-APIClient/Crypto-Go1.18.8 (3.25.2):
    - ProtonCore-DataModel (= 3.25.2)
    - ProtonCore-Networking (= 3.25.2)
    - ProtonCore-Services (= 3.25.2)
  - ProtonCore-APIClient/Crypto-Go1.19.4 (3.25.2):
    - ProtonCore-DataModel (= 3.25.2)
    - ProtonCore-Networking (= 3.25.2)
    - ProtonCore-Services (= 3.25.2)
  - ProtonCore-APIClient/Crypto-patched-Go1.19.4 (3.25.2):
    - ProtonCore-DataModel (= 3.25.2)
    - ProtonCore-Networking (= 3.25.2)
    - ProtonCore-Services (= 3.25.2)
  - ProtonCore-Authentication-KeyGeneration/Crypto-Go1.19.4 (3.25.2):
    - ProtonCore-Authentication/Crypto-Go1.19.4 (= 3.25.2)
    - ProtonCore-FeatureSwitch (= 3.25.2)
    - ProtonCore-GoLibs/Crypto-Go1.19.4 (= 3.25.2)
    - ProtonCore-Hash (= 3.25.2)
    - ProtonCore-OpenPGP (= 3.25.2)
  - ProtonCore-Authentication/Crypto-Go1.19.4 (3.25.2):
    - ProtonCore-APIClient (= 3.25.2)
    - ProtonCore-FeatureSwitch (= 3.25.2)
    - ProtonCore-GoLibs/Crypto-Go1.19.4 (= 3.25.2)
    - ProtonCore-Services (= 3.25.2)
  - ProtonCore-Challenge (3.25.2):
    - ProtonCore-Foundations (= 3.25.2)
    - ProtonCore-UIFoundations (= 3.25.2)
  - ProtonCore-CoreTranslation (3.25.2)
  - ProtonCore-DataModel (3.25.2):
    - ProtonCore-Utilities (= 3.25.2)
  - ProtonCore-Doh (3.25.2):
    - ProtonCore-Log (= 3.25.2)
    - ProtonCore-Utilities (= 3.25.2)
  - ProtonCore-Environment (3.25.2):
    - ProtonCore-Doh (= 3.25.2)
    - TrustKit
  - ProtonCore-FeatureSwitch (3.25.2):
    - ProtonCore-CoreTranslation (= 3.25.2)
    - ProtonCore-Doh (= 3.25.2)
    - ProtonCore-Foundations (= 3.25.2)
    - ProtonCore-Utilities (= 3.25.2)
  - ProtonCore-ForceUpgrade (3.25.2):
    - ProtonCore-CoreTranslation (= 3.25.2)
    - ProtonCore-Networking (= 3.25.2)
    - ProtonCore-UIFoundations (= 3.25.2)
  - ProtonCore-Foundations (3.25.2):
    - ProtonCore-Log (= 3.25.2)
  - ProtonCore-GoLibs/Crypto-Go1.19.4 (3.25.2):
    - ProtonCore-DataModel (= 3.25.2)
  - ProtonCore-Hash (3.25.2)
  - ProtonCore-HumanVerification (3.25.2):
    - ProtonCore-APIClient (= 3.25.2)
    - ProtonCore-CoreTranslation (= 3.25.2)
    - ProtonCore-Foundations (= 3.25.2)
    - ProtonCore-UIFoundations (= 3.25.2)
    - ProtonCore-Utilities (= 3.25.2)
  - ProtonCore-Keymaker/Crypto-Go1.19.4 (3.25.2):
    - EllipticCurveKeyPair (~> 2.0)
    - ProtonCore-GoLibs/Crypto-Go1.19.4 (= 3.25.2)
  - ProtonCore-KeyManager/Crypto-Go1.19.4 (3.25.2):
    - ProtonCore-DataModel (= 3.25.2)
    - ProtonCore-GoLibs/Crypto-Go1.19.4 (= 3.25.2)
  - ProtonCore-Log (3.25.2)
  - ProtonCore-Login/Crypto-Go1.19.4 (3.25.2):
    - ProtonCore-Authentication-KeyGeneration/Crypto-Go1.19.4 (= 3.25.2)
    - ProtonCore-Authentication/Crypto-Go1.19.4 (= 3.25.2)
    - ProtonCore-CoreTranslation (= 3.25.2)
    - ProtonCore-DataModel (= 3.25.2)
    - ProtonCore-Foundations (= 3.25.2)
    - ProtonCore-GoLibs/Crypto-Go1.19.4 (= 3.25.2)
    - ProtonCore-Log (= 3.25.2)
    - ProtonCore-OpenPGP (= 3.25.2)
    - TrustKit
  - ProtonCore-LoginUI/Crypto-Go1.19.4 (3.25.2):
    - lottie-ios (= 3.4.3)
    - ProtonCore-Authentication-KeyGeneration/Crypto-Go1.19.4 (= 3.25.2)
    - ProtonCore-Authentication/Crypto-Go1.19.4 (= 3.25.2)
    - ProtonCore-Challenge (= 3.25.2)
    - ProtonCore-CoreTranslation (= 3.25.2)
    - ProtonCore-DataModel (= 3.25.2)
    - ProtonCore-Environment (= 3.25.2)
    - ProtonCore-Foundations (= 3.25.2)
    - ProtonCore-GoLibs/Crypto-Go1.19.4 (= 3.25.2)
    - ProtonCore-HumanVerification (= 3.25.2)
    - ProtonCore-Log (= 3.25.2)
    - ProtonCore-Login/Crypto-Go1.19.4 (= 3.25.2)
    - ProtonCore-OpenPGP (= 3.25.2)
    - ProtonCore-Payments/Crypto-Go1.19.4 (= 3.25.2)
    - ProtonCore-PaymentsUI/Crypto-Go1.19.4 (= 3.25.2)
    - ProtonCore-TroubleShooting (= 3.25.2)
    - ProtonCore-UIFoundations (= 3.25.2)
    - TrustKit
  - ProtonCore-Networking (3.25.2):
    - Alamofire (= 5.4.4)
    - ProtonCore-CoreTranslation (= 3.25.2)
    - ProtonCore-Environment (= 3.25.2)
    - ProtonCore-Log (= 3.25.2)
    - ProtonCore-Utilities (= 3.25.2)
    - TrustKit
  - ProtonCore-ObfuscatedConstants (3.25.2):
    - CryptoSwift (= 1.3.1)
    - ProtonCore-DataModel (= 3.25.2)
    - ProtonCore-Networking (= 3.25.2)
    - SwiftOTP (~> 2.0)
    - TrustKit
  - ProtonCore-OpenPGP (3.25.2)
  - ProtonCore-Payments/Crypto-Go1.19.4 (3.25.2):
    - ProtonCore-Authentication/Crypto-Go1.19.4 (= 3.25.2)
    - ProtonCore-CoreTranslation (= 3.25.2)
    - ProtonCore-Foundations (= 3.25.2)
    - ProtonCore-Hash (= 3.25.2)
    - ProtonCore-Log (= 3.25.2)
    - ProtonCore-Networking (= 3.25.2)
    - ProtonCore-Services (= 3.25.2)
    - ReachabilitySwift (~> 5.0.0)
  - ProtonCore-PaymentsUI/Crypto-Go1.19.4 (3.25.2):
    - ProtonCore-CoreTranslation (= 3.25.2)
    - ProtonCore-Foundations (= 3.25.2)
    - ProtonCore-Log (= 3.25.2)
    - ProtonCore-Payments/Crypto-Go1.19.4 (= 3.25.2)
    - ProtonCore-UIFoundations (= 3.25.2)
  - ProtonCore-QuarkCommands (3.25.2):
    - ProtonCore-Doh (= 3.25.2)
    - ProtonCore-Environment (= 3.25.2)
    - ProtonCore-Log (= 3.25.2)
    - ProtonCore-Networking (= 3.25.2)
    - ProtonCore-Services (= 3.25.2)
  - ProtonCore-Services (3.25.2):
    - ProtonCore-DataModel (= 3.25.2)
    - ProtonCore-Doh (= 3.25.2)
    - ProtonCore-Environment (= 3.25.2)
    - ProtonCore-FeatureSwitch (= 3.25.2)
    - ProtonCore-Log (= 3.25.2)
    - ProtonCore-Networking (= 3.25.2)
    - ProtonCore-Utilities (= 3.25.2)
    - TrustKit
  - ProtonCore-Settings (3.25.2):
    - ProtonCore-UIFoundations
  - ProtonCore-TestingToolkit/TestData (3.25.2):
    - CryptoSwift (= 1.3.1)
    - ProtonCore-DataModel (= 3.25.2)
    - ProtonCore-Networking (= 3.25.2)
  - ProtonCore-TestingToolkit/UITests/Core (3.25.2):
    - pmtest
    - ProtonCore-CoreTranslation (= 3.25.2)
    - ProtonCore-Doh (= 3.25.2)
    - ProtonCore-Log (= 3.25.2)
    - ProtonCore-QuarkCommands (= 3.25.2)
  - ProtonCore-TestingToolkit/UITests/Login (3.25.2):
    - pmtest
    - ProtonCore-CoreTranslation (= 3.25.2)
    - ProtonCore-Doh (= 3.25.2)
    - ProtonCore-QuarkCommands (= 3.25.2)
  - ProtonCore-TestingToolkit/UITests/PaymentsUI (3.25.2):
    - pmtest
    - ProtonCore-CoreTranslation (= 3.25.2)
    - ProtonCore-Doh (= 3.25.2)
    - ProtonCore-QuarkCommands (= 3.25.2)
  - ProtonCore-TroubleShooting (3.25.2):
    - ProtonCore-CoreTranslation (= 3.25.2)
    - ProtonCore-Doh (= 3.25.2)
    - ProtonCore-Foundations (= 3.25.2)
    - ProtonCore-UIFoundations (= 3.25.2)
    - ProtonCore-Utilities (= 3.25.2)
  - ProtonCore-UIFoundations (3.25.2):
    - ProtonCore-CoreTranslation (= 3.25.2)
    - ProtonCore-Foundations (= 3.25.2)
    - ProtonCore-Log (= 3.25.2)
    - ProtonCore-Utilities (= 3.25.2)
  - ProtonCore-Utilities (3.25.2):
    - ProtonCore-Log (= 3.25.2)
  - ReachabilitySwift (5.0.0)
  - Sentry (7.29.0):
    - Sentry/Core (= 7.29.0)
  - Sentry/Core (7.29.0)
  - SideMenuSwift (2.0.9)
  - swift-snapshot-testing (1.10.0)
  - SwiftOTP (2.0.3):
    - CryptoSwift (>= 1.0.0)
  - SwiftProtobuf (1.20.3)
  - TrustKit (2.0.0)

DEPENDENCIES:
  - MBProgressHUD
  - "pmtest (from `git@gitlab.protontech.ch:apple/shared/pmtestautomation.git`)"
  - "ProtonCore-AccountDeletion/Crypto-Go1.19.4 (from `git@gitlab.protontech.ch:apple/shared/protoncore.git`, tag `3.26.0`)"
  - "ProtonCore-APIClient (from `git@gitlab.protontech.ch:apple/shared/protoncore.git`, tag `3.26.0`)"
  - "ProtonCore-Authentication-KeyGeneration/Crypto-Go1.19.4 (from `git@gitlab.protontech.ch:apple/shared/protoncore.git`, tag `3.26.0`)"
  - "ProtonCore-Authentication/Crypto-Go1.19.4 (from `git@gitlab.protontech.ch:apple/shared/protoncore.git`, tag `3.26.0`)"
  - "ProtonCore-Challenge (from `git@gitlab.protontech.ch:apple/shared/protoncore.git`, tag `3.26.0`)"
  - "ProtonCore-CoreTranslation (from `git@gitlab.protontech.ch:apple/shared/protoncore.git`, tag `3.26.0`)"
  - "ProtonCore-DataModel (from `git@gitlab.protontech.ch:apple/shared/protoncore.git`, tag `3.26.0`)"
  - "ProtonCore-Doh (from `git@gitlab.protontech.ch:apple/shared/protoncore.git`, tag `3.26.0`)"
  - "ProtonCore-Environment (from `git@gitlab.protontech.ch:apple/shared/protoncore.git`, tag `3.26.0`)"
  - "ProtonCore-FeatureSwitch (from `git@gitlab.protontech.ch:apple/shared/protoncore.git`, tag `3.26.0`)"
  - "ProtonCore-ForceUpgrade (from `git@gitlab.protontech.ch:apple/shared/protoncore.git`, tag `3.26.0`)"
  - "ProtonCore-Foundations (from `git@gitlab.protontech.ch:apple/shared/protoncore.git`, tag `3.26.0`)"
  - "ProtonCore-GoLibs/Crypto-Go1.19.4 (from `git@gitlab.protontech.ch:apple/shared/protoncore.git`, tag `3.26.0`)"
  - "ProtonCore-Hash (from `git@gitlab.protontech.ch:apple/shared/protoncore.git`, tag `3.26.0`)"
  - "ProtonCore-HumanVerification (from `git@gitlab.protontech.ch:apple/shared/protoncore.git`, tag `3.26.0`)"
  - "ProtonCore-Keymaker/Crypto-Go1.19.4 (from `git@gitlab.protontech.ch:apple/shared/protoncore.git`, tag `3.26.0`)"
  - "ProtonCore-KeyManager/Crypto-Go1.19.4 (from `git@gitlab.protontech.ch:apple/shared/protoncore.git`, tag `3.26.0`)"
  - "ProtonCore-Log (from `git@gitlab.protontech.ch:apple/shared/protoncore.git`, tag `3.26.0`)"
  - "ProtonCore-Login/Crypto-Go1.19.4 (from `git@gitlab.protontech.ch:apple/shared/protoncore.git`, tag `3.26.0`)"
  - "ProtonCore-LoginUI/Crypto-Go1.19.4 (from `git@gitlab.protontech.ch:apple/shared/protoncore.git`, tag `3.26.0`)"
  - "ProtonCore-Networking (from `git@gitlab.protontech.ch:apple/shared/protoncore.git`, tag `3.26.0`)"
  - "ProtonCore-ObfuscatedConstants (from `git@gitlab.protontech.ch:apple/shared/protoncore.git`, tag `3.26.0`)"
  - "ProtonCore-OpenPGP (from `git@gitlab.protontech.ch:apple/shared/protoncore.git`, tag `3.26.0`)"
  - "ProtonCore-Payments/Crypto-Go1.19.4 (from `git@gitlab.protontech.ch:apple/shared/protoncore.git`, tag `3.26.0`)"
  - "ProtonCore-PaymentsUI/Crypto-Go1.19.4 (from `git@gitlab.protontech.ch:apple/shared/protoncore.git`, tag `3.26.0`)"
  - "ProtonCore-QuarkCommands (from `git@gitlab.protontech.ch:apple/shared/protoncore.git`, tag `3.26.0`)"
  - "ProtonCore-Services (from `git@gitlab.protontech.ch:apple/shared/protoncore.git`, tag `3.26.0`)"
  - "ProtonCore-Settings (from `git@gitlab.protontech.ch:apple/shared/protoncore.git`, tag `3.26.0`)"
  - "ProtonCore-TestingToolkit/TestData (from `git@gitlab.protontech.ch:apple/shared/protoncore.git`, tag `3.26.0`)"
  - "ProtonCore-TestingToolkit/UITests/Core (from `git@gitlab.protontech.ch:apple/shared/protoncore.git`, tag `3.26.0`)"
  - "ProtonCore-TestingToolkit/UITests/Login (from `git@gitlab.protontech.ch:apple/shared/protoncore.git`, tag `3.26.0`)"
  - "ProtonCore-TestingToolkit/UITests/PaymentsUI (from `git@gitlab.protontech.ch:apple/shared/protoncore.git`, tag `3.26.0`)"
  - "ProtonCore-TroubleShooting (from `git@gitlab.protontech.ch:apple/shared/protoncore.git`, tag `3.26.0`)"
  - "ProtonCore-UIFoundations (from `git@gitlab.protontech.ch:apple/shared/protoncore.git`, tag `3.26.0`)"
  - "ProtonCore-Utilities (from `git@gitlab.protontech.ch:apple/shared/protoncore.git`, tag `3.26.0`)"
  - ReachabilitySwift
  - Sentry (from `https://github.com/getsentry/sentry-cocoa.git`, tag `7.29.0`)
  - SideMenuSwift (= 2.0.9)
  - "swift-snapshot-testing (from `git@gitlab.protontech.ch:apple/shared/protoncore.git`, tag `3.26.0`)"
  - SwiftOTP
  - SwiftProtobuf
  - TrustKit (from `https://github.com/ProtonMail/TrustKit.git`, tag `1.0.3`)

SPEC REPOS:
  trunk:
    - Alamofire
    - CryptoSwift
    - EllipticCurveKeyPair
    - lottie-ios
    - MBProgressHUD
    - ReachabilitySwift
    - SideMenuSwift
    - SwiftOTP
    - SwiftProtobuf

EXTERNAL SOURCES:
  pmtest:
    :git: "git@gitlab.protontech.ch:apple/shared/pmtestautomation.git"
  ProtonCore-AccountDeletion:
    :git: "git@gitlab.protontech.ch:apple/shared/protoncore.git"
    :tag: 3.26.0
  ProtonCore-APIClient:
    :git: "git@gitlab.protontech.ch:apple/shared/protoncore.git"
    :tag: 3.26.0
  ProtonCore-Authentication:
    :git: "git@gitlab.protontech.ch:apple/shared/protoncore.git"
    :tag: 3.26.0
  ProtonCore-Authentication-KeyGeneration:
    :git: "git@gitlab.protontech.ch:apple/shared/protoncore.git"
    :tag: 3.26.0
  ProtonCore-Challenge:
    :git: "git@gitlab.protontech.ch:apple/shared/protoncore.git"
    :tag: 3.26.0
  ProtonCore-CoreTranslation:
    :git: "git@gitlab.protontech.ch:apple/shared/protoncore.git"
    :tag: 3.26.0
  ProtonCore-DataModel:
    :git: "git@gitlab.protontech.ch:apple/shared/protoncore.git"
    :tag: 3.26.0
  ProtonCore-Doh:
    :git: "git@gitlab.protontech.ch:apple/shared/protoncore.git"
    :tag: 3.26.0
  ProtonCore-Environment:
    :git: "git@gitlab.protontech.ch:apple/shared/protoncore.git"
    :tag: 3.26.0
  ProtonCore-FeatureSwitch:
    :git: "git@gitlab.protontech.ch:apple/shared/protoncore.git"
    :tag: 3.26.0
  ProtonCore-ForceUpgrade:
    :git: "git@gitlab.protontech.ch:apple/shared/protoncore.git"
    :tag: 3.26.0
  ProtonCore-Foundations:
    :git: "git@gitlab.protontech.ch:apple/shared/protoncore.git"
    :tag: 3.26.0
  ProtonCore-GoLibs:
    :git: "git@gitlab.protontech.ch:apple/shared/protoncore.git"
    :tag: 3.26.0
  ProtonCore-Hash:
    :git: "git@gitlab.protontech.ch:apple/shared/protoncore.git"
    :tag: 3.26.0
  ProtonCore-HumanVerification:
    :git: "git@gitlab.protontech.ch:apple/shared/protoncore.git"
    :tag: 3.26.0
  ProtonCore-Keymaker:
    :git: "git@gitlab.protontech.ch:apple/shared/protoncore.git"
    :tag: 3.26.0
  ProtonCore-KeyManager:
    :git: "git@gitlab.protontech.ch:apple/shared/protoncore.git"
    :tag: 3.26.0
  ProtonCore-Log:
    :git: "git@gitlab.protontech.ch:apple/shared/protoncore.git"
    :tag: 3.26.0
  ProtonCore-Login:
    :git: "git@gitlab.protontech.ch:apple/shared/protoncore.git"
    :tag: 3.26.0
  ProtonCore-LoginUI:
    :git: "git@gitlab.protontech.ch:apple/shared/protoncore.git"
    :tag: 3.26.0
  ProtonCore-Networking:
    :git: "git@gitlab.protontech.ch:apple/shared/protoncore.git"
    :tag: 3.26.0
  ProtonCore-ObfuscatedConstants:
    :git: "git@gitlab.protontech.ch:apple/shared/protoncore.git"
    :tag: 3.26.0
  ProtonCore-OpenPGP:
    :git: "git@gitlab.protontech.ch:apple/shared/protoncore.git"
    :tag: 3.26.0
  ProtonCore-Payments:
    :git: "git@gitlab.protontech.ch:apple/shared/protoncore.git"
    :tag: 3.26.0
  ProtonCore-PaymentsUI:
    :git: "git@gitlab.protontech.ch:apple/shared/protoncore.git"
    :tag: 3.26.0
  ProtonCore-QuarkCommands:
    :git: "git@gitlab.protontech.ch:apple/shared/protoncore.git"
    :tag: 3.26.0
  ProtonCore-Services:
    :git: "git@gitlab.protontech.ch:apple/shared/protoncore.git"
    :tag: 3.26.0
  ProtonCore-Settings:
    :git: "git@gitlab.protontech.ch:apple/shared/protoncore.git"
    :tag: 3.26.0
  ProtonCore-TestingToolkit:
    :git: "git@gitlab.protontech.ch:apple/shared/protoncore.git"
    :tag: 3.26.0
  ProtonCore-TroubleShooting:
    :git: "git@gitlab.protontech.ch:apple/shared/protoncore.git"
    :tag: 3.26.0
  ProtonCore-UIFoundations:
    :git: "git@gitlab.protontech.ch:apple/shared/protoncore.git"
    :tag: 3.26.0
  ProtonCore-Utilities:
    :git: "git@gitlab.protontech.ch:apple/shared/protoncore.git"
    :tag: 3.26.0
  Sentry:
    :git: https://github.com/getsentry/sentry-cocoa.git
    :tag: 7.29.0
  swift-snapshot-testing:
    :git: "git@gitlab.protontech.ch:apple/shared/protoncore.git"
    :tag: 3.26.0
  TrustKit:
    :git: https://github.com/ProtonMail/TrustKit.git
    :tag: 1.0.3

CHECKOUT OPTIONS:
  pmtest:
    :commit: d65cbf1836fe42797891095f9e0269acbc823e7b
    :git: "git@gitlab.protontech.ch:apple/shared/pmtestautomation.git"
  ProtonCore-AccountDeletion:
    :git: "git@gitlab.protontech.ch:apple/shared/protoncore.git"
    :tag: 3.26.0
  ProtonCore-APIClient:
    :git: "git@gitlab.protontech.ch:apple/shared/protoncore.git"
    :tag: 3.26.0
  ProtonCore-Authentication:
    :git: "git@gitlab.protontech.ch:apple/shared/protoncore.git"
    :tag: 3.26.0
  ProtonCore-Authentication-KeyGeneration:
    :git: "git@gitlab.protontech.ch:apple/shared/protoncore.git"
    :tag: 3.26.0
  ProtonCore-Challenge:
    :git: "git@gitlab.protontech.ch:apple/shared/protoncore.git"
    :tag: 3.26.0
  ProtonCore-CoreTranslation:
    :git: "git@gitlab.protontech.ch:apple/shared/protoncore.git"
    :tag: 3.26.0
  ProtonCore-DataModel:
    :git: "git@gitlab.protontech.ch:apple/shared/protoncore.git"
    :tag: 3.26.0
  ProtonCore-Doh:
    :git: "git@gitlab.protontech.ch:apple/shared/protoncore.git"
    :tag: 3.26.0
  ProtonCore-Environment:
    :git: "git@gitlab.protontech.ch:apple/shared/protoncore.git"
    :tag: 3.26.0
  ProtonCore-FeatureSwitch:
    :git: "git@gitlab.protontech.ch:apple/shared/protoncore.git"
    :tag: 3.26.0
  ProtonCore-ForceUpgrade:
    :git: "git@gitlab.protontech.ch:apple/shared/protoncore.git"
    :tag: 3.26.0
  ProtonCore-Foundations:
    :git: "git@gitlab.protontech.ch:apple/shared/protoncore.git"
    :tag: 3.26.0
  ProtonCore-GoLibs:
    :git: "git@gitlab.protontech.ch:apple/shared/protoncore.git"
    :tag: 3.26.0
  ProtonCore-Hash:
    :git: "git@gitlab.protontech.ch:apple/shared/protoncore.git"
    :tag: 3.26.0
  ProtonCore-HumanVerification:
    :git: "git@gitlab.protontech.ch:apple/shared/protoncore.git"
    :tag: 3.26.0
  ProtonCore-Keymaker:
    :git: "git@gitlab.protontech.ch:apple/shared/protoncore.git"
    :tag: 3.26.0
  ProtonCore-KeyManager:
    :git: "git@gitlab.protontech.ch:apple/shared/protoncore.git"
    :tag: 3.26.0
  ProtonCore-Log:
    :git: "git@gitlab.protontech.ch:apple/shared/protoncore.git"
    :tag: 3.26.0
  ProtonCore-Login:
    :git: "git@gitlab.protontech.ch:apple/shared/protoncore.git"
    :tag: 3.26.0
  ProtonCore-LoginUI:
    :git: "git@gitlab.protontech.ch:apple/shared/protoncore.git"
    :tag: 3.26.0
  ProtonCore-Networking:
    :git: "git@gitlab.protontech.ch:apple/shared/protoncore.git"
    :tag: 3.26.0
  ProtonCore-ObfuscatedConstants:
    :git: "git@gitlab.protontech.ch:apple/shared/protoncore.git"
    :tag: 3.26.0
  ProtonCore-OpenPGP:
    :git: "git@gitlab.protontech.ch:apple/shared/protoncore.git"
    :tag: 3.26.0
  ProtonCore-Payments:
    :git: "git@gitlab.protontech.ch:apple/shared/protoncore.git"
    :tag: 3.26.0
  ProtonCore-PaymentsUI:
    :git: "git@gitlab.protontech.ch:apple/shared/protoncore.git"
    :tag: 3.26.0
  ProtonCore-QuarkCommands:
    :git: "git@gitlab.protontech.ch:apple/shared/protoncore.git"
    :tag: 3.26.0
  ProtonCore-Services:
    :git: "git@gitlab.protontech.ch:apple/shared/protoncore.git"
    :tag: 3.26.0
  ProtonCore-Settings:
    :git: "git@gitlab.protontech.ch:apple/shared/protoncore.git"
    :tag: 3.26.0
  ProtonCore-TestingToolkit:
    :git: "git@gitlab.protontech.ch:apple/shared/protoncore.git"
    :tag: 3.26.0
  ProtonCore-TroubleShooting:
    :git: "git@gitlab.protontech.ch:apple/shared/protoncore.git"
    :tag: 3.26.0
  ProtonCore-UIFoundations:
    :git: "git@gitlab.protontech.ch:apple/shared/protoncore.git"
    :tag: 3.26.0
  ProtonCore-Utilities:
    :git: "git@gitlab.protontech.ch:apple/shared/protoncore.git"
    :tag: 3.26.0
  Sentry:
    :git: https://github.com/getsentry/sentry-cocoa.git
    :tag: 7.29.0
  swift-snapshot-testing:
    :git: "git@gitlab.protontech.ch:apple/shared/protoncore.git"
    :tag: 3.26.0
  TrustKit:
    :git: https://github.com/ProtonMail/TrustKit.git
    :tag: 1.0.3

SPEC CHECKSUMS:
  Alamofire: f3b09a368f1582ab751b3fff5460276e0d2cf5c9
  CryptoSwift: f12f037f6d0fcd6d48c96db0071b653de64e6c4d
  EllipticCurveKeyPair: 8c69e5238a6e47243a10a48fbd41dfb19110b22e
  lottie-ios: 9ae750cdc7820fecbd3c2f0cfc493038208fcdc4
  MBProgressHUD: 3ee5efcc380f6a79a7cc9b363dd669c5e1ae7406
  pmtest: 5cfa1c8f623eb9f68e8be673a6690991701cbb3a
  ProtonCore-AccountDeletion: 3784134a28b56d98c24b556a7022afdd53c414c1
  ProtonCore-APIClient: 555c13a99e406c04d86f9cbc924acc4046813ac4
  ProtonCore-Authentication: 7af9ba93941aed252f049e91cb0399ff16ec990b
  ProtonCore-Authentication-KeyGeneration: c79c87caa27d720319e4bba983c98ef4d209dc62
  ProtonCore-Challenge: b573a497aa0564c2e2c780f2548777f44da44656
  ProtonCore-CoreTranslation: e699802a494493eef5e1de6ae2b4333702f1f355
  ProtonCore-DataModel: 0fa7dbbdc75576ec5261452139c19d3762f553b9
  ProtonCore-Doh: 5176eaa0249aab06a475363d27f99e4ac11eb290
  ProtonCore-Environment: 97bfdb2a1e8e3b16a93e2c123bbd78d40f600962
  ProtonCore-FeatureSwitch: f1378400c6cb86e7212e0e91e2bb4b46e111cd9e
  ProtonCore-ForceUpgrade: 765b8e6fda12eeab61fe6e483e2ea544c8f6dd90
  ProtonCore-Foundations: f9e6d96ec70eaedead2773bbe7a019df70e6ca86
  ProtonCore-GoLibs: 421d2d6d0b86f9f411f6d48acbf305028994cce2
  ProtonCore-Hash: aec21fbfcb5e6c87d09606c7094d51cb3d8ec9bc
  ProtonCore-HumanVerification: e6413b42d10add71442376a8e15dee5f42da0e7f
  ProtonCore-Keymaker: 6e4bf0806d40e57f0e44ece46fab41d69dd49013
  ProtonCore-KeyManager: 30282060e53505b2ccd1c7bb79856a3856ea92aa
  ProtonCore-Log: f2d254adbd076d357083588b9620e273cc33da95
  ProtonCore-Login: d72278808ade3962a3931ac397eb3514f733e18b
  ProtonCore-LoginUI: 8206ecd3d3fa236602368edbbfeef1841d414bb9
  ProtonCore-Networking: afa22326398988f8bc9ee079d4a5804bb352e99a
  ProtonCore-ObfuscatedConstants: a262072b6c25fdd4ba42ea8d684fc017d2dc56e6
  ProtonCore-OpenPGP: 7196541366370dc10d7ca32abaf8a68ec901a302
  ProtonCore-Payments: 5771b35bf5fc3636089247625c0be58715d95185
  ProtonCore-PaymentsUI: c4c70f16544a81a164b713c226b8279e8ab28281
  ProtonCore-QuarkCommands: b0ddd8188d055526617dbebf3992a4f369ef80d0
  ProtonCore-Services: ae1d3214c4f16a1d18d05cc331ae70bf98e367c5
  ProtonCore-Settings: f4b824555fa654591e98051831fc683cc85e1249
  ProtonCore-TestingToolkit: 20f63e49021db5537e3fb5c16f244ee820132c52
  ProtonCore-TroubleShooting: 5f73fdea18b9dda9edfac9e314f421261576ca9e
  ProtonCore-UIFoundations: b08e924cc1694e87ab8965a3b0d726bcfadcb09e
  ProtonCore-Utilities: 5d08fbbccea25c9b1d10856da9e5ebcbb801d5d5
  ReachabilitySwift: 985039c6f7b23a1da463388634119492ff86c825
  Sentry: 4272663eb0eda312024d795ca3f5a562a8ce5e18
  SideMenuSwift: 39f1922e225da4aaa8b16591037a929defe960c9
  swift-snapshot-testing: d388c9ff71363d8572312dcb45704bb5df021c8f
  SwiftOTP: ce98ded1ab42e4e66c39228fcad6b0c07b98e494
  SwiftProtobuf: b02b5075dcf60c9f5f403000b3b0c202a11b6ae1
  TrustKit: f830ff5af0a8cbad5178aef1d0951389b096d312

PODFILE CHECKSUM: 25a6d967b5dad09f8eb937e1bdbdf0def89db2f1

COCOAPODS: 1.11.3
