PODS:
  - Alamofire (5.4.4)
  - AlertToast (1.3.7)
  - EllipticCurveKeyPair (2.0)
  - lottie-ios (3.4.1)
  - MBProgressHUD (1.2.0)
  - ProtonCore-APIClient (3.23.0):
    - ProtonCore-DataModel (= 3.23.0)
    - ProtonCore-Networking (= 3.23.0)
    - ProtonCore-Services (= 3.23.0)
  - ProtonCore-Authentication-KeyGeneration/UsingCrypto (3.23.0):
    - ProtonCore-Authentication/UsingCrypto (= 3.23.0)
    - ProtonCore-Crypto (= 3.23.0)
    - ProtonCore-FeatureSwitch (= 3.23.0)
    - ProtonCore-Hash (= 3.23.0)
    - ProtonCore-OpenPGP (= 3.23.0)
  - ProtonCore-Authentication/UsingCrypto (3.23.0):
    - ProtonCore-APIClient (= 3.23.0)
    - ProtonCore-Crypto (= 3.23.0)
    - ProtonCore-Services (= 3.23.0)
  - ProtonCore-Challenge (3.23.0):
    - ProtonCore-Foundations (= 3.23.0)
    - ProtonCore-UIFoundations-V5 (= 3.23.0)
  - ProtonCore-CoreTranslation (3.23.0)
  - ProtonCore-CoreTranslation-V5 (3.23.0)
  - ProtonCore-Crypto (3.23.0):
    - ProtonCore-DataModel (= 3.23.0)
  - ProtonCore-DataModel (3.23.0):
    - ProtonCore-Utilities (= 3.23.0)
  - ProtonCore-Doh (3.23.0):
    - ProtonCore-Log (= 3.23.0)
    - ProtonCore-Utilities (= 3.23.0)
  - ProtonCore-Environment (3.23.0):
    - ProtonCore-Doh (= 3.23.0)
    - TrustKit
  - ProtonCore-FeatureSwitch (3.23.0):
    - ProtonCore-CoreTranslation (= 3.23.0)
    - ProtonCore-Doh (= 3.23.0)
    - ProtonCore-Foundations (= 3.23.0)
    - ProtonCore-Utilities (= 3.23.0)
  - ProtonCore-ForceUpgrade-V5 (3.23.0):
    - ProtonCore-CoreTranslation (= 3.23.0)
    - ProtonCore-Networking (= 3.23.0)
    - ProtonCore-UIFoundations-V5 (= 3.23.0)
  - ProtonCore-Foundations (3.23.0):
    - ProtonCore-Log (= 3.23.0)
  - ProtonCore-Hash (3.23.0)
  - ProtonCore-HumanVerification-V5 (3.23.0):
    - ProtonCore-APIClient (= 3.23.0)
    - ProtonCore-CoreTranslation (= 3.23.0)
    - ProtonCore-Foundations (= 3.23.0)
    - ProtonCore-UIFoundations-V5 (= 3.23.0)
    - ProtonCore-Utilities (= 3.23.0)
  - ProtonCore-Keymaker/UsingCrypto (3.23.0):
    - EllipticCurveKeyPair (~> 2.0)
    - ProtonCore-Crypto (= 3.23.0)
  - ProtonCore-KeyManager/UsingCrypto (3.23.0):
    - ProtonCore-Crypto (= 3.23.0)
    - ProtonCore-DataModel (= 3.23.0)
  - ProtonCore-Log (3.23.0)
  - ProtonCore-Login/UsingCrypto (3.23.0):
    - ProtonCore-Authentication-KeyGeneration/UsingCrypto (= 3.23.0)
    - ProtonCore-Authentication/UsingCrypto (= 3.23.0)
    - ProtonCore-CoreTranslation (= 3.23.0)
    - ProtonCore-Crypto (= 3.23.0)
    - ProtonCore-DataModel (= 3.23.0)
    - ProtonCore-Foundations (= 3.23.0)
    - ProtonCore-Log (= 3.23.0)
    - ProtonCore-OpenPGP (= 3.23.0)
    - TrustKit
  - ProtonCore-LoginUI-V5/UsingCrypto (3.23.0):
    - lottie-ios (= 3.4.1)
    - ProtonCore-Authentication-KeyGeneration/UsingCrypto (= 3.23.0)
    - ProtonCore-Authentication/UsingCrypto (= 3.23.0)
    - ProtonCore-Challenge (= 3.23.0)
    - ProtonCore-CoreTranslation (= 3.23.0)
    - ProtonCore-Crypto (= 3.23.0)
    - ProtonCore-DataModel (= 3.23.0)
    - ProtonCore-Environment (= 3.23.0)
    - ProtonCore-Foundations (= 3.23.0)
    - ProtonCore-HumanVerification-V5 (= 3.23.0)
    - ProtonCore-Log (= 3.23.0)
    - ProtonCore-Login/UsingCrypto (= 3.23.0)
    - ProtonCore-OpenPGP (= 3.23.0)
    - ProtonCore-Payments/UsingCrypto (= 3.23.0)
    - ProtonCore-PaymentsUI-V5/UsingCrypto (= 3.23.0)
    - ProtonCore-TroubleShooting (= 3.23.0)
    - ProtonCore-UIFoundations-V5 (= 3.23.0)
    - TrustKit
  - ProtonCore-Networking (3.23.0):
    - Alamofire (= 5.4.4)
    - ProtonCore-CoreTranslation (= 3.23.0)
    - ProtonCore-Environment (= 3.23.0)
    - ProtonCore-Log (= 3.23.0)
    - ProtonCore-Utilities (= 3.23.0)
    - TrustKit
  - ProtonCore-OpenPGP (3.23.0)
  - ProtonCore-Payments/UsingCrypto (3.23.0):
    - ProtonCore-Authentication/UsingCrypto (= 3.23.0)
    - ProtonCore-CoreTranslation (= 3.23.0)
    - ProtonCore-Foundations (= 3.23.0)
    - ProtonCore-Hash (= 3.23.0)
    - ProtonCore-Log (= 3.23.0)
    - ProtonCore-Networking (= 3.23.0)
    - ProtonCore-Services (= 3.23.0)
    - ReachabilitySwift (~> 5.0.0)
  - ProtonCore-PaymentsUI-V5/UsingCrypto (3.23.0):
    - ProtonCore-CoreTranslation (= 3.23.0)
    - ProtonCore-CoreTranslation-V5 (= 3.23.0)
    - ProtonCore-Foundations (= 3.23.0)
    - ProtonCore-Log (= 3.23.0)
    - ProtonCore-Payments/UsingCrypto (= 3.23.0)
    - ProtonCore-UIFoundations-V5 (= 3.23.0)
  - ProtonCore-Services (3.23.0):
    - ProtonCore-DataModel (= 3.23.0)
    - ProtonCore-Doh (= 3.23.0)
    - ProtonCore-Environment (= 3.23.0)
    - ProtonCore-Log (= 3.23.0)
    - ProtonCore-Networking (= 3.23.0)
    - ProtonCore-Utilities (= 3.23.0)
    - TrustKit
  - ProtonCore-Settings-V5 (3.23.0):
    - ProtonCore-UIFoundations-V5
  - ProtonCore-TroubleShooting (3.23.0):
    - ProtonCore-CoreTranslation (= 3.23.0)
    - ProtonCore-Doh (= 3.23.0)
    - ProtonCore-Foundations (= 3.23.0)
    - ProtonCore-UIFoundations-V5 (= 3.23.0)
    - ProtonCore-Utilities (= 3.23.0)
  - ProtonCore-UIFoundations-V5 (3.23.0):
    - ProtonCore-CoreTranslation (= 3.23.0)
    - ProtonCore-CoreTranslation-V5 (= 3.23.0)
    - ProtonCore-Foundations (= 3.23.0)
    - ProtonCore-Log (= 3.23.0)
    - ProtonCore-Utilities (= 3.23.0)
  - ProtonCore-Utilities (3.23.0):
    - ProtonCore-Log (= 3.23.0)
  - ReachabilitySwift (5.0.0)
  - Sentry (7.29.0):
    - Sentry/Core (= 7.29.0)
  - Sentry/Core (7.29.0)
  - SideMenuSwift (2.0.9)
  - SwiftProtobuf (1.20.2)
  - TrustKit (2.0.0)

DEPENDENCIES:
  - AlertToast
  - MBProgressHUD
  - "ProtonCore-APIClient (from `git@gitlab.protontech.ch:apple/shared/protoncore.git`, tag `3.23.2`)"
  - "ProtonCore-Authentication-KeyGeneration/UsingCrypto (from `git@gitlab.protontech.ch:apple/shared/protoncore.git`, tag `3.23.2`)"
  - "ProtonCore-Authentication/UsingCrypto (from `git@gitlab.protontech.ch:apple/shared/protoncore.git`, tag `3.23.2`)"
  - "ProtonCore-Challenge (from `git@gitlab.protontech.ch:apple/shared/protoncore.git`, tag `3.23.2`)"
  - "ProtonCore-CoreTranslation (from `git@gitlab.protontech.ch:apple/shared/protoncore.git`, tag `3.23.2`)"
  - "ProtonCore-CoreTranslation-V5 (from `git@gitlab.protontech.ch:apple/shared/protoncore.git`, tag `3.23.2`)"
  - "ProtonCore-Crypto (from `git@gitlab.protontech.ch:apple/shared/protoncore.git`, tag `3.23.2`)"
  - "ProtonCore-DataModel (from `git@gitlab.protontech.ch:apple/shared/protoncore.git`, tag `3.23.2`)"
  - "ProtonCore-Doh (from `git@gitlab.protontech.ch:apple/shared/protoncore.git`, tag `3.23.2`)"
  - "ProtonCore-Environment (from `git@gitlab.protontech.ch:apple/shared/protoncore.git`, tag `3.23.2`)"
  - "ProtonCore-FeatureSwitch (from `git@gitlab.protontech.ch:apple/shared/protoncore.git`, tag `3.23.2`)"
  - "ProtonCore-ForceUpgrade-V5 (from `git@gitlab.protontech.ch:apple/shared/protoncore.git`, tag `3.23.2`)"
  - "ProtonCore-Foundations (from `git@gitlab.protontech.ch:apple/shared/protoncore.git`, tag `3.23.2`)"
  - "ProtonCore-Hash (from `git@gitlab.protontech.ch:apple/shared/protoncore.git`, tag `3.23.2`)"
  - "ProtonCore-HumanVerification-V5 (from `git@gitlab.protontech.ch:apple/shared/protoncore.git`, tag `3.23.2`)"
  - "ProtonCore-Keymaker/UsingCrypto (from `git@gitlab.protontech.ch:apple/shared/protoncore.git`, tag `3.23.2`)"
  - "ProtonCore-KeyManager/UsingCrypto (from `git@gitlab.protontech.ch:apple/shared/protoncore.git`, tag `3.23.2`)"
  - "ProtonCore-Log (from `git@gitlab.protontech.ch:apple/shared/protoncore.git`, tag `3.23.2`)"
  - "ProtonCore-Login/UsingCrypto (from `git@gitlab.protontech.ch:apple/shared/protoncore.git`, tag `3.23.2`)"
  - "ProtonCore-LoginUI-V5/UsingCrypto (from `git@gitlab.protontech.ch:apple/shared/protoncore.git`, tag `3.23.2`)"
  - "ProtonCore-Networking (from `git@gitlab.protontech.ch:apple/shared/protoncore.git`, tag `3.23.2`)"
  - "ProtonCore-OpenPGP (from `git@gitlab.protontech.ch:apple/shared/protoncore.git`, tag `3.23.2`)"
  - "ProtonCore-Payments/UsingCrypto (from `git@gitlab.protontech.ch:apple/shared/protoncore.git`, tag `3.23.2`)"
  - "ProtonCore-PaymentsUI-V5/UsingCrypto (from `git@gitlab.protontech.ch:apple/shared/protoncore.git`, tag `3.23.2`)"
  - "ProtonCore-Services (from `git@gitlab.protontech.ch:apple/shared/protoncore.git`, tag `3.23.2`)"
  - "ProtonCore-Settings-V5 (from `git@gitlab.protontech.ch:apple/shared/protoncore.git`, tag `3.23.2`)"
  - "ProtonCore-TroubleShooting (from `git@gitlab.protontech.ch:apple/shared/protoncore.git`, tag `3.23.2`)"
  - "ProtonCore-UIFoundations-V5 (from `git@gitlab.protontech.ch:apple/shared/protoncore.git`, tag `3.23.2`)"
  - "ProtonCore-Utilities (from `git@gitlab.protontech.ch:apple/shared/protoncore.git`, tag `3.23.2`)"
  - ReachabilitySwift
  - Sentry (from `https://github.com/getsentry/sentry-cocoa.git`, tag `7.29.0`)
  - SideMenuSwift (= 2.0.9)
  - SwiftProtobuf
  - TrustKit (from `https://github.com/ProtonMail/TrustKit.git`, branch `release/1.0.1`)

SPEC REPOS:
  trunk:
    - Alamofire
    - AlertToast
    - EllipticCurveKeyPair
    - lottie-ios
    - MBProgressHUD
    - ReachabilitySwift
    - SideMenuSwift
    - SwiftProtobuf

EXTERNAL SOURCES:
  ProtonCore-APIClient:
    :git: "git@gitlab.protontech.ch:apple/shared/protoncore.git"
    :tag: 3.23.2
  ProtonCore-Authentication:
    :git: "git@gitlab.protontech.ch:apple/shared/protoncore.git"
    :tag: 3.23.2
  ProtonCore-Authentication-KeyGeneration:
    :git: "git@gitlab.protontech.ch:apple/shared/protoncore.git"
    :tag: 3.23.2
  ProtonCore-Challenge:
    :git: "git@gitlab.protontech.ch:apple/shared/protoncore.git"
    :tag: 3.23.2
  ProtonCore-CoreTranslation:
    :git: "git@gitlab.protontech.ch:apple/shared/protoncore.git"
    :tag: 3.23.2
  ProtonCore-CoreTranslation-V5:
    :git: "git@gitlab.protontech.ch:apple/shared/protoncore.git"
    :tag: 3.23.2
  ProtonCore-Crypto:
    :git: "git@gitlab.protontech.ch:apple/shared/protoncore.git"
    :tag: 3.23.2
  ProtonCore-DataModel:
    :git: "git@gitlab.protontech.ch:apple/shared/protoncore.git"
    :tag: 3.23.2
  ProtonCore-Doh:
    :git: "git@gitlab.protontech.ch:apple/shared/protoncore.git"
    :tag: 3.23.2
  ProtonCore-Environment:
    :git: "git@gitlab.protontech.ch:apple/shared/protoncore.git"
    :tag: 3.23.2
  ProtonCore-FeatureSwitch:
    :git: "git@gitlab.protontech.ch:apple/shared/protoncore.git"
    :tag: 3.23.2
  ProtonCore-ForceUpgrade-V5:
    :git: "git@gitlab.protontech.ch:apple/shared/protoncore.git"
    :tag: 3.23.2
  ProtonCore-Foundations:
    :git: "git@gitlab.protontech.ch:apple/shared/protoncore.git"
    :tag: 3.23.2
  ProtonCore-Hash:
    :git: "git@gitlab.protontech.ch:apple/shared/protoncore.git"
    :tag: 3.23.2
  ProtonCore-HumanVerification-V5:
    :git: "git@gitlab.protontech.ch:apple/shared/protoncore.git"
    :tag: 3.23.2
  ProtonCore-Keymaker:
    :git: "git@gitlab.protontech.ch:apple/shared/protoncore.git"
    :tag: 3.23.2
  ProtonCore-KeyManager:
    :git: "git@gitlab.protontech.ch:apple/shared/protoncore.git"
    :tag: 3.23.2
  ProtonCore-Log:
    :git: "git@gitlab.protontech.ch:apple/shared/protoncore.git"
    :tag: 3.23.2
  ProtonCore-Login:
    :git: "git@gitlab.protontech.ch:apple/shared/protoncore.git"
    :tag: 3.23.2
  ProtonCore-LoginUI-V5:
    :git: "git@gitlab.protontech.ch:apple/shared/protoncore.git"
    :tag: 3.23.2
  ProtonCore-Networking:
    :git: "git@gitlab.protontech.ch:apple/shared/protoncore.git"
    :tag: 3.23.2
  ProtonCore-OpenPGP:
    :git: "git@gitlab.protontech.ch:apple/shared/protoncore.git"
    :tag: 3.23.2
  ProtonCore-Payments:
    :git: "git@gitlab.protontech.ch:apple/shared/protoncore.git"
    :tag: 3.23.2
  ProtonCore-PaymentsUI-V5:
    :git: "git@gitlab.protontech.ch:apple/shared/protoncore.git"
    :tag: 3.23.2
  ProtonCore-Services:
    :git: "git@gitlab.protontech.ch:apple/shared/protoncore.git"
    :tag: 3.23.2
  ProtonCore-Settings-V5:
    :git: "git@gitlab.protontech.ch:apple/shared/protoncore.git"
    :tag: 3.23.2
  ProtonCore-TroubleShooting:
    :git: "git@gitlab.protontech.ch:apple/shared/protoncore.git"
    :tag: 3.23.2
  ProtonCore-UIFoundations-V5:
    :git: "git@gitlab.protontech.ch:apple/shared/protoncore.git"
    :tag: 3.23.2
  ProtonCore-Utilities:
    :git: "git@gitlab.protontech.ch:apple/shared/protoncore.git"
    :tag: 3.23.2
  Sentry:
    :git: https://github.com/getsentry/sentry-cocoa.git
    :tag: 7.29.0
  TrustKit:
    :branch: release/1.0.1
    :git: https://github.com/ProtonMail/TrustKit.git

CHECKOUT OPTIONS:
  ProtonCore-APIClient:
    :git: "git@gitlab.protontech.ch:apple/shared/protoncore.git"
    :tag: 3.23.2
  ProtonCore-Authentication:
    :git: "git@gitlab.protontech.ch:apple/shared/protoncore.git"
    :tag: 3.23.2
  ProtonCore-Authentication-KeyGeneration:
    :git: "git@gitlab.protontech.ch:apple/shared/protoncore.git"
    :tag: 3.23.2
  ProtonCore-Challenge:
    :git: "git@gitlab.protontech.ch:apple/shared/protoncore.git"
    :tag: 3.23.2
  ProtonCore-CoreTranslation:
    :git: "git@gitlab.protontech.ch:apple/shared/protoncore.git"
    :tag: 3.23.2
  ProtonCore-CoreTranslation-V5:
    :git: "git@gitlab.protontech.ch:apple/shared/protoncore.git"
    :tag: 3.23.2
  ProtonCore-Crypto:
    :git: "git@gitlab.protontech.ch:apple/shared/protoncore.git"
    :tag: 3.23.2
  ProtonCore-DataModel:
    :git: "git@gitlab.protontech.ch:apple/shared/protoncore.git"
    :tag: 3.23.2
  ProtonCore-Doh:
    :git: "git@gitlab.protontech.ch:apple/shared/protoncore.git"
    :tag: 3.23.2
  ProtonCore-Environment:
    :git: "git@gitlab.protontech.ch:apple/shared/protoncore.git"
    :tag: 3.23.2
  ProtonCore-FeatureSwitch:
    :git: "git@gitlab.protontech.ch:apple/shared/protoncore.git"
    :tag: 3.23.2
  ProtonCore-ForceUpgrade-V5:
    :git: "git@gitlab.protontech.ch:apple/shared/protoncore.git"
    :tag: 3.23.2
  ProtonCore-Foundations:
    :git: "git@gitlab.protontech.ch:apple/shared/protoncore.git"
    :tag: 3.23.2
  ProtonCore-Hash:
    :git: "git@gitlab.protontech.ch:apple/shared/protoncore.git"
    :tag: 3.23.2
  ProtonCore-HumanVerification-V5:
    :git: "git@gitlab.protontech.ch:apple/shared/protoncore.git"
    :tag: 3.23.2
  ProtonCore-Keymaker:
    :git: "git@gitlab.protontech.ch:apple/shared/protoncore.git"
    :tag: 3.23.2
  ProtonCore-KeyManager:
    :git: "git@gitlab.protontech.ch:apple/shared/protoncore.git"
    :tag: 3.23.2
  ProtonCore-Log:
    :git: "git@gitlab.protontech.ch:apple/shared/protoncore.git"
    :tag: 3.23.2
  ProtonCore-Login:
    :git: "git@gitlab.protontech.ch:apple/shared/protoncore.git"
    :tag: 3.23.2
  ProtonCore-LoginUI-V5:
    :git: "git@gitlab.protontech.ch:apple/shared/protoncore.git"
    :tag: 3.23.2
  ProtonCore-Networking:
    :git: "git@gitlab.protontech.ch:apple/shared/protoncore.git"
    :tag: 3.23.2
  ProtonCore-OpenPGP:
    :git: "git@gitlab.protontech.ch:apple/shared/protoncore.git"
    :tag: 3.23.2
  ProtonCore-Payments:
    :git: "git@gitlab.protontech.ch:apple/shared/protoncore.git"
    :tag: 3.23.2
  ProtonCore-PaymentsUI-V5:
    :git: "git@gitlab.protontech.ch:apple/shared/protoncore.git"
    :tag: 3.23.2
  ProtonCore-Services:
    :git: "git@gitlab.protontech.ch:apple/shared/protoncore.git"
    :tag: 3.23.2
  ProtonCore-Settings-V5:
    :git: "git@gitlab.protontech.ch:apple/shared/protoncore.git"
    :tag: 3.23.2
  ProtonCore-TroubleShooting:
    :git: "git@gitlab.protontech.ch:apple/shared/protoncore.git"
    :tag: 3.23.2
  ProtonCore-UIFoundations-V5:
    :git: "git@gitlab.protontech.ch:apple/shared/protoncore.git"
    :tag: 3.23.2
  ProtonCore-Utilities:
    :git: "git@gitlab.protontech.ch:apple/shared/protoncore.git"
    :tag: 3.23.2
  Sentry:
    :git: https://github.com/getsentry/sentry-cocoa.git
    :tag: 7.29.0
  TrustKit:
    :commit: 0edccba6b372378246d4b895a4d01e3303d53dc8
    :git: https://github.com/ProtonMail/TrustKit.git

SPEC CHECKSUMS:
  Alamofire: f3b09a368f1582ab751b3fff5460276e0d2cf5c9
  AlertToast: 8c9d5efb2df6ea728b32b62bce99d876ec3e5393
  EllipticCurveKeyPair: 8c69e5238a6e47243a10a48fbd41dfb19110b22e
  lottie-ios: 016449b5d8be0c3dcbcfa0a9988469999cd04c5d
  MBProgressHUD: 3ee5efcc380f6a79a7cc9b363dd669c5e1ae7406
  ProtonCore-APIClient: 3c92a86fe92ecc1dfb833afd2266196834fdaa88
  ProtonCore-Authentication: e00f1abe6b8c433b9d8fa95faacbc3cb5c7c13b0
  ProtonCore-Authentication-KeyGeneration: ed26e66f9c81c0d1ff727c17b139924e35c58138
  ProtonCore-Challenge: ff70312cb725d220c3ad61a334a7bcba41fa2fe7
  ProtonCore-CoreTranslation: de3cea60bcf4a5c5e611b4257d076bfd6e909692
  ProtonCore-CoreTranslation-V5: 0f8c5478533285aa6feed1be6848be5699fcb942
  ProtonCore-Crypto: a89e0874a8d7545535d970ee2b771095f74852a1
  ProtonCore-DataModel: 08f49b23dc7880b16ccafa1707e58938f34c13c5
  ProtonCore-Doh: 5837655414d04e723d321462581fe4ffda86de55
  ProtonCore-Environment: 45e467d98959a49d1af7961e5e95c48d41938c48
  ProtonCore-FeatureSwitch: 4c792bc657a5f1936382497ad6130a650bf6b707
  ProtonCore-ForceUpgrade-V5: 772eb618abd8b7405c852bbb71b77c59301ea7ec
  ProtonCore-Foundations: 7aa5aa78566fbf6119b9043f655f15c226940cd8
  ProtonCore-Hash: 6aab2c501114af223b1c4bf27b10fdabd9593753
  ProtonCore-HumanVerification-V5: 37830efd88b19934360a17ad99dc4e684ccdee0f
  ProtonCore-Keymaker: 66fe2617068a6b2a0e090908ecf68df45ae86bf2
  ProtonCore-KeyManager: e5069829e0de181ab310b41c657edfa47abe1723
  ProtonCore-Log: 5a004a308b83b663586f38c1ba427e9bb90d6b24
  ProtonCore-Login: 63e9ad2012ac5d4082adbe76e4e821d809e34b6e
  ProtonCore-LoginUI-V5: 71fbf4834b4478bafac493df71d47afa90136d66
  ProtonCore-Networking: 5619feaaefff6abeb9c1d5a94298acaa34a73803
  ProtonCore-OpenPGP: 8c2022af1a1dd93842a6966083e794f8067bdfe9
  ProtonCore-Payments: 7cf8de28d4f029030a1de915666e085c1f28c6e4
  ProtonCore-PaymentsUI-V5: 22a91b49ad26f21ff66b0f8d92dc5488f1a523a1
  ProtonCore-Services: c20662eb3f6c54f5af09cdd77e744730f30ef3d8
  ProtonCore-Settings-V5: 8f5061bbe413adb8018a2441cf8007f56056ac17
  ProtonCore-TroubleShooting: f4c9304d87b196b605e55ad72f32e0439c2aefe6
  ProtonCore-UIFoundations-V5: 4376aa781649dbc3ec604468863c9c125b99cfaa
  ProtonCore-Utilities: 510f032758c9504dc634419d0849948f081461c7
  ReachabilitySwift: 985039c6f7b23a1da463388634119492ff86c825
  Sentry: 4272663eb0eda312024d795ca3f5a562a8ce5e18
  SideMenuSwift: 39f1922e225da4aaa8b16591037a929defe960c9
  SwiftProtobuf: 9f458aaa7844a2fc0b910053e66578bc4e2da9c1
  TrustKit: f830ff5af0a8cbad5178aef1d0951389b096d312

PODFILE CHECKSUM: 62f9dbb54722b62b705b557e2bd89b6c296158eb

COCOAPODS: 1.11.3
