PODS:
  - Alamofire (5.4.4)
  - lottie-ios (3.3.0)
  - ProtonCore-APIClient/Alamofire (3.19.1):
    - ProtonCore-DataModel (= 3.19.1)
    - ProtonCore-Networking/Alamofire (= 3.19.1)
    - ProtonCore-Services/Alamofire (= 3.19.1)
  - "ProtonCore-Authentication-KeyGeneration/UsingCrypto+Alamofire (3.19.1)":
    - "ProtonCore-Authentication/UsingCrypto+Alamofire (= 3.19.1)"
    - ProtonCore-Crypto (= 3.19.1)
    - ProtonCore-OpenPGP (= 3.19.1)
  - "ProtonCore-Authentication/UsingCrypto+Alamofire (3.19.1)":
    - ProtonCore-APIClient/Alamofire (= 3.19.1)
    - ProtonCore-Crypto (= 3.19.1)
    - ProtonCore-Services/Alamofire (= 3.19.1)
  - ProtonCore-Challenge (3.19.1):
    - ProtonCore-Foundations (= 3.19.1)
  - ProtonCore-CoreTranslation (3.19.1)
  - ProtonCore-CoreTranslation-V5 (3.19.1)
  - ProtonCore-Crypto (3.19.1)
  - ProtonCore-DataModel (3.19.1):
    - ProtonCore-Utilities (= 3.19.1)
  - ProtonCore-Doh (3.19.1):
    - ProtonCore-Log (= 3.19.1)
    - ProtonCore-Utilities (= 3.19.1)
  - ProtonCore-ForceUpgrade-V5/Alamofire (3.19.1):
    - ProtonCore-CoreTranslation (= 3.19.1)
    - ProtonCore-Networking/Alamofire (= 3.19.1)
    - ProtonCore-UIFoundations-V5 (= 3.19.1)
  - ProtonCore-Foundations (3.19.1):
    - ProtonCore-Log (= 3.19.1)
  - ProtonCore-Hash (3.19.1)
  - ProtonCore-HumanVerification-V5/Alamofire (3.19.1):
    - ProtonCore-APIClient/Alamofire (= 3.19.1)
    - ProtonCore-CoreTranslation (= 3.19.1)
    - ProtonCore-Foundations (= 3.19.1)
    - ProtonCore-UIFoundations-V5 (= 3.19.1)
    - ProtonCore-Utilities (= 3.19.1)
  - ProtonCore-Log (3.19.1)
  - "ProtonCore-Login/UsingCrypto+Alamofire (3.19.1)":
    - "ProtonCore-Authentication-KeyGeneration/UsingCrypto+Alamofire (= 3.19.1)"
    - "ProtonCore-Authentication/UsingCrypto+Alamofire (= 3.19.1)"
    - ProtonCore-CoreTranslation (= 3.19.1)
    - ProtonCore-Crypto (= 3.19.1)
    - ProtonCore-DataModel (= 3.19.1)
    - ProtonCore-Foundations (= 3.19.1)
    - ProtonCore-Log (= 3.19.1)
    - ProtonCore-OpenPGP (= 3.19.1)
    - TrustKit
  - "ProtonCore-LoginUI-V5/UsingCrypto+Alamofire (3.19.1)":
    - lottie-ios
    - "ProtonCore-Authentication-KeyGeneration/UsingCrypto+Alamofire (= 3.19.1)"
    - "ProtonCore-Authentication/UsingCrypto+Alamofire (= 3.19.1)"
    - ProtonCore-Challenge (= 3.19.1)
    - ProtonCore-CoreTranslation (= 3.19.1)
    - ProtonCore-Crypto (= 3.19.1)
    - ProtonCore-DataModel (= 3.19.1)
    - ProtonCore-Foundations (= 3.19.1)
    - ProtonCore-HumanVerification-V5/Alamofire (= 3.19.1)
    - ProtonCore-Log (= 3.19.1)
    - "ProtonCore-Login/UsingCrypto+Alamofire (= 3.19.1)"
    - ProtonCore-OpenPGP (= 3.19.1)
    - "ProtonCore-Payments/UsingCrypto+Alamofire (= 3.19.1)"
    - "ProtonCore-PaymentsUI-V5/UsingCrypto+Alamofire (= 3.19.1)"
    - ProtonCore-UIFoundations-V5 (= 3.19.1)
    - TrustKit
  - ProtonCore-Networking/Alamofire (3.19.1):
    - Alamofire (= 5.4.4)
    - ProtonCore-CoreTranslation (= 3.19.1)
    - ProtonCore-Log (= 3.19.1)
    - TrustKit
  - ProtonCore-OpenPGP (3.19.1)
  - "ProtonCore-Payments/UsingCrypto+Alamofire (3.19.1)":
    - "ProtonCore-Authentication/UsingCrypto+Alamofire (= 3.19.1)"
    - ProtonCore-CoreTranslation (= 3.19.1)
    - ProtonCore-Foundations (= 3.19.1)
    - ProtonCore-Hash (= 3.19.1)
    - ProtonCore-Log (= 3.19.1)
    - ProtonCore-Networking/Alamofire (= 3.19.1)
    - ProtonCore-Services/Alamofire (= 3.19.1)
    - ReachabilitySwift (~> 5.0.0)
  - "ProtonCore-PaymentsUI-V5/UsingCrypto+Alamofire (3.19.1)":
    - ProtonCore-CoreTranslation (= 3.19.1)
    - ProtonCore-CoreTranslation-V5 (= 3.19.1)
    - ProtonCore-Foundations (= 3.19.1)
    - ProtonCore-Log (= 3.19.1)
    - "ProtonCore-Payments/UsingCrypto+Alamofire (= 3.19.1)"
    - ProtonCore-UIFoundations-V5 (= 3.19.1)
  - ProtonCore-Services/Alamofire (3.19.1):
    - ProtonCore-DataModel (= 3.19.1)
    - ProtonCore-Doh (= 3.19.1)
    - ProtonCore-Log (= 3.19.1)
    - ProtonCore-Networking/Alamofire (= 3.19.1)
    - ProtonCore-Utilities (= 3.19.1)
    - TrustKit
  - ProtonCore-UIFoundations-V5 (3.19.1):
    - ProtonCore-CoreTranslation (= 3.19.1)
    - ProtonCore-CoreTranslation-V5 (= 3.19.1)
    - ProtonCore-Foundations (= 3.19.1)
    - ProtonCore-Log (= 3.19.1)
    - ProtonCore-Utilities (= 3.19.1)
  - ProtonCore-Utilities (3.19.1):
    - ProtonCore-Log (= 3.19.1)
  - ReachabilitySwift (5.0.0)
  - TrustKit (2.0.0)

DEPENDENCIES:
  - "ProtonCore-APIClient/Alamofire (from `git@gitlab.protontech.ch:apple/shared/protoncore.git`, tag `3.19.1`)"
  - "ProtonCore-Authentication-KeyGeneration/UsingCrypto+Alamofire (from `git@gitlab.protontech.ch:apple/shared/protoncore.git`, tag `3.19.1`)"
  - "ProtonCore-Authentication/UsingCrypto+Alamofire (from `git@gitlab.protontech.ch:apple/shared/protoncore.git`, tag `3.19.1`)"
  - "ProtonCore-Challenge (from `git@gitlab.protontech.ch:apple/shared/protoncore.git`, tag `3.19.1`)"
  - "ProtonCore-CoreTranslation (from `git@gitlab.protontech.ch:apple/shared/protoncore.git`, tag `3.19.1`)"
  - "ProtonCore-CoreTranslation-V5 (from `git@gitlab.protontech.ch:apple/shared/protoncore.git`, tag `3.19.1`)"
  - "ProtonCore-Crypto (from `git@gitlab.protontech.ch:apple/shared/protoncore.git`, tag `3.19.1`)"
  - "ProtonCore-DataModel (from `git@gitlab.protontech.ch:apple/shared/protoncore.git`, tag `3.19.1`)"
  - "ProtonCore-Doh (from `git@gitlab.protontech.ch:apple/shared/protoncore.git`, tag `3.19.1`)"
  - "ProtonCore-ForceUpgrade-V5/Alamofire (from `git@gitlab.protontech.ch:apple/shared/protoncore.git`, tag `3.19.1`)"
  - "ProtonCore-Foundations (from `git@gitlab.protontech.ch:apple/shared/protoncore.git`, tag `3.19.1`)"
  - "ProtonCore-Hash (from `git@gitlab.protontech.ch:apple/shared/protoncore.git`, tag `3.19.1`)"
  - "ProtonCore-HumanVerification-V5/Alamofire (from `git@gitlab.protontech.ch:apple/shared/protoncore.git`, tag `3.19.1`)"
  - "ProtonCore-Log (from `git@gitlab.protontech.ch:apple/shared/protoncore.git`, tag `3.19.1`)"
  - "ProtonCore-Login/UsingCrypto+Alamofire (from `git@gitlab.protontech.ch:apple/shared/protoncore.git`, tag `3.19.1`)"
  - "ProtonCore-LoginUI-V5/UsingCrypto+Alamofire (from `git@gitlab.protontech.ch:apple/shared/protoncore.git`, tag `3.19.1`)"
  - "ProtonCore-Networking/Alamofire (from `git@gitlab.protontech.ch:apple/shared/protoncore.git`, tag `3.19.1`)"
  - "ProtonCore-OpenPGP (from `git@gitlab.protontech.ch:apple/shared/protoncore.git`, tag `3.19.1`)"
  - "ProtonCore-Payments/UsingCrypto+Alamofire (from `git@gitlab.protontech.ch:apple/shared/protoncore.git`, tag `3.19.1`)"
  - "ProtonCore-PaymentsUI-V5/UsingCrypto+Alamofire (from `git@gitlab.protontech.ch:apple/shared/protoncore.git`, tag `3.19.1`)"
  - "ProtonCore-Services/Alamofire (from `git@gitlab.protontech.ch:apple/shared/protoncore.git`, tag `3.19.1`)"
  - "ProtonCore-UIFoundations-V5 (from `git@gitlab.protontech.ch:apple/shared/protoncore.git`, tag `3.19.1`)"
  - "ProtonCore-Utilities (from `git@gitlab.protontech.ch:apple/shared/protoncore.git`, tag `3.19.1`)"

SPEC REPOS:
  https://github.com/CocoaPods/Specs.git:
    - Alamofire
    - lottie-ios
    - ReachabilitySwift
    - TrustKit

EXTERNAL SOURCES:
  ProtonCore-APIClient:
    :git: "git@gitlab.protontech.ch:apple/shared/protoncore.git"
    :tag: 3.19.1
  ProtonCore-Authentication:
    :git: "git@gitlab.protontech.ch:apple/shared/protoncore.git"
    :tag: 3.19.1
  ProtonCore-Authentication-KeyGeneration:
    :git: "git@gitlab.protontech.ch:apple/shared/protoncore.git"
    :tag: 3.19.1
  ProtonCore-Challenge:
    :git: "git@gitlab.protontech.ch:apple/shared/protoncore.git"
    :tag: 3.19.1
  ProtonCore-CoreTranslation:
    :git: "git@gitlab.protontech.ch:apple/shared/protoncore.git"
    :tag: 3.19.1
  ProtonCore-CoreTranslation-V5:
    :git: "git@gitlab.protontech.ch:apple/shared/protoncore.git"
    :tag: 3.19.1
  ProtonCore-Crypto:
    :git: "git@gitlab.protontech.ch:apple/shared/protoncore.git"
    :tag: 3.19.1
  ProtonCore-DataModel:
    :git: "git@gitlab.protontech.ch:apple/shared/protoncore.git"
    :tag: 3.19.1
  ProtonCore-Doh:
    :git: "git@gitlab.protontech.ch:apple/shared/protoncore.git"
    :tag: 3.19.1
  ProtonCore-ForceUpgrade-V5:
    :git: "git@gitlab.protontech.ch:apple/shared/protoncore.git"
    :tag: 3.19.1
  ProtonCore-Foundations:
    :git: "git@gitlab.protontech.ch:apple/shared/protoncore.git"
    :tag: 3.19.1
  ProtonCore-Hash:
    :git: "git@gitlab.protontech.ch:apple/shared/protoncore.git"
    :tag: 3.19.1
  ProtonCore-HumanVerification-V5:
    :git: "git@gitlab.protontech.ch:apple/shared/protoncore.git"
    :tag: 3.19.1
  ProtonCore-Log:
    :git: "git@gitlab.protontech.ch:apple/shared/protoncore.git"
    :tag: 3.19.1
  ProtonCore-Login:
    :git: "git@gitlab.protontech.ch:apple/shared/protoncore.git"
    :tag: 3.19.1
  ProtonCore-LoginUI-V5:
    :git: "git@gitlab.protontech.ch:apple/shared/protoncore.git"
    :tag: 3.19.1
  ProtonCore-Networking:
    :git: "git@gitlab.protontech.ch:apple/shared/protoncore.git"
    :tag: 3.19.1
  ProtonCore-OpenPGP:
    :git: "git@gitlab.protontech.ch:apple/shared/protoncore.git"
    :tag: 3.19.1
  ProtonCore-Payments:
    :git: "git@gitlab.protontech.ch:apple/shared/protoncore.git"
    :tag: 3.19.1
  ProtonCore-PaymentsUI-V5:
    :git: "git@gitlab.protontech.ch:apple/shared/protoncore.git"
    :tag: 3.19.1
  ProtonCore-Services:
    :git: "git@gitlab.protontech.ch:apple/shared/protoncore.git"
    :tag: 3.19.1
  ProtonCore-UIFoundations-V5:
    :git: "git@gitlab.protontech.ch:apple/shared/protoncore.git"
    :tag: 3.19.1
  ProtonCore-Utilities:
    :git: "git@gitlab.protontech.ch:apple/shared/protoncore.git"
    :tag: 3.19.1

CHECKOUT OPTIONS:
  ProtonCore-APIClient:
    :git: "git@gitlab.protontech.ch:apple/shared/protoncore.git"
    :tag: 3.19.1
  ProtonCore-Authentication:
    :git: "git@gitlab.protontech.ch:apple/shared/protoncore.git"
    :tag: 3.19.1
  ProtonCore-Authentication-KeyGeneration:
    :git: "git@gitlab.protontech.ch:apple/shared/protoncore.git"
    :tag: 3.19.1
  ProtonCore-Challenge:
    :git: "git@gitlab.protontech.ch:apple/shared/protoncore.git"
    :tag: 3.19.1
  ProtonCore-CoreTranslation:
    :git: "git@gitlab.protontech.ch:apple/shared/protoncore.git"
    :tag: 3.19.1
  ProtonCore-CoreTranslation-V5:
    :git: "git@gitlab.protontech.ch:apple/shared/protoncore.git"
    :tag: 3.19.1
  ProtonCore-Crypto:
    :git: "git@gitlab.protontech.ch:apple/shared/protoncore.git"
    :tag: 3.19.1
  ProtonCore-DataModel:
    :git: "git@gitlab.protontech.ch:apple/shared/protoncore.git"
    :tag: 3.19.1
  ProtonCore-Doh:
    :git: "git@gitlab.protontech.ch:apple/shared/protoncore.git"
    :tag: 3.19.1
  ProtonCore-ForceUpgrade-V5:
    :git: "git@gitlab.protontech.ch:apple/shared/protoncore.git"
    :tag: 3.19.1
  ProtonCore-Foundations:
    :git: "git@gitlab.protontech.ch:apple/shared/protoncore.git"
    :tag: 3.19.1
  ProtonCore-Hash:
    :git: "git@gitlab.protontech.ch:apple/shared/protoncore.git"
    :tag: 3.19.1
  ProtonCore-HumanVerification-V5:
    :git: "git@gitlab.protontech.ch:apple/shared/protoncore.git"
    :tag: 3.19.1
  ProtonCore-Log:
    :git: "git@gitlab.protontech.ch:apple/shared/protoncore.git"
    :tag: 3.19.1
  ProtonCore-Login:
    :git: "git@gitlab.protontech.ch:apple/shared/protoncore.git"
    :tag: 3.19.1
  ProtonCore-LoginUI-V5:
    :git: "git@gitlab.protontech.ch:apple/shared/protoncore.git"
    :tag: 3.19.1
  ProtonCore-Networking:
    :git: "git@gitlab.protontech.ch:apple/shared/protoncore.git"
    :tag: 3.19.1
  ProtonCore-OpenPGP:
    :git: "git@gitlab.protontech.ch:apple/shared/protoncore.git"
    :tag: 3.19.1
  ProtonCore-Payments:
    :git: "git@gitlab.protontech.ch:apple/shared/protoncore.git"
    :tag: 3.19.1
  ProtonCore-PaymentsUI-V5:
    :git: "git@gitlab.protontech.ch:apple/shared/protoncore.git"
    :tag: 3.19.1
  ProtonCore-Services:
    :git: "git@gitlab.protontech.ch:apple/shared/protoncore.git"
    :tag: 3.19.1
  ProtonCore-UIFoundations-V5:
    :git: "git@gitlab.protontech.ch:apple/shared/protoncore.git"
    :tag: 3.19.1
  ProtonCore-Utilities:
    :git: "git@gitlab.protontech.ch:apple/shared/protoncore.git"
    :tag: 3.19.1

SPEC CHECKSUMS:
  Alamofire: f3b09a368f1582ab751b3fff5460276e0d2cf5c9
  lottie-ios: 6ac74dcc09904798f59b18cb3075c089d76be9ae
  ProtonCore-APIClient: 7f0a71fbc8f192793a3d78a5c95f0b751ff95da2
  ProtonCore-Authentication: 806da9ee35899349a74f6c8620bcbfe0d3d7e54b
  ProtonCore-Authentication-KeyGeneration: b402bf18c5ed4dbfd85d3f5f11bc6181fcbb5988
  ProtonCore-Challenge: 6f6f83f170d2358d2f003c5d40c807dc2512f184
  ProtonCore-CoreTranslation: 5f14da27d68511090ddcd11fde87eafc25708ea8
  ProtonCore-CoreTranslation-V5: 9d6e2ed00bad09d31bda69fe6299165de8dcd409
  ProtonCore-Crypto: 45107af5ab5c03c90ccf460d6707b74ac7d07a45
  ProtonCore-DataModel: 8502f7e46666a836ed16baffeb87d52a35484bc8
  ProtonCore-Doh: 34c52ffad1f0c1c7f3c109bbdd48e8f03da7cfa2
  ProtonCore-ForceUpgrade-V5: ece8ee9372c405bef79c2e05f81f3e1bc5315fa2
  ProtonCore-Foundations: 76fc49ba557611511af749c408cb92881d92f08b
  ProtonCore-Hash: 5a92c6ff8291da203c7c9d0b4e6007861d109659
  ProtonCore-HumanVerification-V5: b14aa532651eb44de6efcd268c8df0ac9078ed9d
  ProtonCore-Log: ab5312db852cc7d0224de3cb1c24ed3f126ca157
  ProtonCore-Login: bf0289120bd72b96320fcd03a3cdeb921bda6d34
  ProtonCore-LoginUI-V5: 8f2f5f40d7d35b95da2a196ebad38ba0282ce631
  ProtonCore-Networking: 33296c06fed347156ff038cd076adfbaaaffc4e3
  ProtonCore-OpenPGP: 166c6a36bc05fdcfeb9a07823fd5ee6c617872bd
  ProtonCore-Payments: 006c2fa7284d61781f531583c434c910569a2a0c
  ProtonCore-PaymentsUI-V5: b63cdee1b94a572309330aa4cc45ae0695c2ae1d
  ProtonCore-Services: 41866a7e6971aab6c95828c381052b3cb9fa93f7
  ProtonCore-UIFoundations-V5: 2072e2d8964e6b0f20c5b03f305e30587156ea27
  ProtonCore-Utilities: f5353ad7228c494bb19ce4b1342b84f8dad81671
  ReachabilitySwift: 985039c6f7b23a1da463388634119492ff86c825
  TrustKit: 610b8c71c07914756dd74c380040a3408a747798

PODFILE CHECKSUM: 5c57febd83e031a641fcba60e9e56c20b108695a

COCOAPODS: 1.11.3
