{
  "pins" : [
    {
      "identity" : "alamofire",
      "kind" : "remoteSourceControl",
      "location" : "https://github.com/Alamofire/Alamofire",
      "state" : {
        "revision" : "d120af1e8638c7da36c8481fd61a66c0c08dc4fc",
        "version" : "5.4.4"
      }
    },
    {
      "identity" : "apple-fusion",
      "kind" : "remoteSourceControl",
      "location" : "https://github.com/ProtonMail/apple-fusion",
      "state" : {
        "revision" : "cd3db46940c5d64beb616f0a080ff65a920dd5fa",
        "version" : "2.0.1"
      }
    },
    {
      "identity" : "codescanner",
      "kind" : "remoteSourceControl",
      "location" : "https://github.com/twostraws/CodeScanner",
      "state" : {
        "revision" : "34da57fb63b47add20de8a85da58191523ccce57",
        "version" : "2.5.0"
      }
    },
    {
      "identity" : "cryptoswift",
      "kind" : "remoteSourceControl",
      "location" : "https://github.com/krzyzanowskim/CryptoSwift",
      "state" : {
        "revision" : "678d442c6f7828def400a70ae15968aef67ef52d",
        "version" : "1.8.3"
      }
    },
    {
      "identity" : "docscanner",
      "kind" : "remoteSourceControl",
      "location" : "https://github.com/protonpass/DocScanner",
      "state" : {
        "revision" : "a313e0094afcc7ead6daad0f0b37711e875dd2ca",
        "version" : "0.2.3"
      }
    },
    {
      "identity" : "ellipticcurvekeypair",
      "kind" : "remoteSourceControl",
      "location" : "https://github.com/agens-no/EllipticCurveKeyPair",
      "state" : {
        "revision" : "944ae5c89ca045e9f1a113b736706c73fc51d1c2",
        "version" : "2.0.0"
      }
    },
    {
      "identity" : "factory",
      "kind" : "remoteSourceControl",
      "location" : "https://github.com/hmlongco/Factory",
      "state" : {
        "revision" : "f350e0d71ba241b392f70519a67e769d5e3858d4",
        "version" : "2.4.1"
      }
    },
    {
      "identity" : "lottie-ios",
      "kind" : "remoteSourceControl",
      "location" : "https://github.com/airbnb/lottie-ios",
      "state" : {
        "revision" : "45517c3cfec9469bbdd4f86e32393c28ae9df0bc",
        "version" : "4.3.3"
      }
    },
    {
      "identity" : "mbprogresshud",
      "kind" : "remoteSourceControl",
      "location" : "https://github.com/jdg/MBProgressHUD.git",
      "state" : {
        "revision" : "bca42b801100b2b3a4eda0ba8dd33d858c780b0d",
        "version" : "1.2.0"
      }
    },
    {
      "identity" : "ohhttpstubs",
      "kind" : "remoteSourceControl",
      "location" : "https://github.com/AliSoftware/OHHTTPStubs",
      "state" : {
        "revision" : "12f19662426d0434d6c330c6974d53e2eb10ecd9",
        "version" : "9.1.0"
      }
    },
    {
      "identity" : "protoncore_ios",
      "kind" : "remoteSourceControl",
      "location" : "https://github.com/ProtonMail/protoncore_ios",
      "state" : {
        "revision" : "4fce1215889229d33f563e28ea36b4f15df52d06",
        "version" : "29.0.2"
      }
    },
    {
      "identity" : "reachability.swift",
      "kind" : "remoteSourceControl",
      "location" : "https://github.com/ashleymills/Reachability.swift",
      "state" : {
        "revision" : "7cbd73f46a7dfaeca079e18df7324c6de6d1834a",
        "version" : "5.2.3"
      }
    },
    {
      "identity" : "sdwebimage",
      "kind" : "remoteSourceControl",
      "location" : "https://github.com/SDWebImage/SDWebImage.git",
      "state" : {
        "revision" : "7f9fb5d43ecd4aa714c00746f54873f354403438",
        "version" : "5.15.8"
      }
    },
    {
      "identity" : "sentry-cocoa",
      "kind" : "remoteSourceControl",
      "location" : "https://github.com/getsentry/sentry-cocoa.git",
      "state" : {
        "revision" : "0ffc3c6287461962cb2a81e57fc0ee0335d8d56a",
        "version" : "8.40.1"
      }
    },
    {
      "identity" : "swift-protobuf",
      "kind" : "remoteSourceControl",
      "location" : "https://github.com/apple/swift-protobuf.git",
      "state" : {
        "revision" : "ebc7251dd5b37f627c93698e4374084d98409633",
        "version" : "1.28.2"
      }
    },
    {
      "identity" : "swift-snapshot-testing",
      "kind" : "remoteSourceControl",
      "location" : "https://github.com/pointfreeco/swift-snapshot-testing",
      "state" : {
        "revision" : "6d932a79e7173b275b96c600c86c603cf84f153c",
        "version" : "1.17.4"
      }
    },
    {
      "identity" : "swift-syntax",
      "kind" : "remoteSourceControl",
      "location" : "https://github.com/swiftlang/swift-syntax",
      "state" : {
        "revision" : "0687f71944021d616d34d922343dcef086855920",
        "version" : "600.0.1"
      }
    },
    {
      "identity" : "swiftotp",
      "kind" : "remoteSourceControl",
      "location" : "https://github.com/lachlanbell/SwiftOTP",
      "state" : {
        "revision" : "93d4942c90dd498580988ffb9971e2ddf91d5a28",
        "version" : "2.0.3"
      }
    },
    {
      "identity" : "trustkit",
      "kind" : "remoteSourceControl",
      "location" : "https://github.com/ProtonMail/TrustKit",
      "state" : {
        "revision" : "d107d7cc825f38ae2d6dc7c54af71d58145c3506",
        "version" : "1.0.3"
      }
    },
    {
      "identity" : "yams",
      "kind" : "remoteSourceControl",
      "location" : "https://github.com/jpsim/Yams.git",
      "state" : {
        "revision" : "3036ba9d69cf1fd04d433527bc339dc0dc75433d",
        "version" : "5.1.3"
      }
    }
  ],
  "version" : 2
}
