// !$*UTF8*$!
{
	archiveVersion = 1;
	classes = {
	};
	objectVersion = 55;
	objects = {

/* Begin PBXBuildFile section */
		35E50648286F819F00A3F6EA /* Assets.xcassets in Resources */ = {isa = PBXBuildFile; fileRef = 35E50636286F819F00A3F6EA /* Assets.xcassets */; };
		35E50649286F819F00A3F6EA /* Assets.xcassets in Resources */ = {isa = PBXBuildFile; fileRef = 35E50636286F819F00A3F6EA /* Assets.xcassets */; };
		35E50654286F82DC00A3F6EA /* AppDelegate.swift in Sources */ = {isa = PBXBuildFile; fileRef = 35E50653286F82DC00A3F6EA /* AppDelegate.swift */; };
		35E50656286F830A00A3F6EA /* SceneDelegate.swift in Sources */ = {isa = PBXBuildFile; fileRef = 35E50655286F830A00A3F6EA /* SceneDelegate.swift */; };
		35E5065B286F865900A3F6EA /* macOSApp.swift in Sources */ = {isa = PBXBuildFile; fileRef = 35E5065A286F865900A3F6EA /* macOSApp.swift */; };
		35E50669286F870500A3F6EA /* Client.framework in Frameworks */ = {isa = PBXBuildFile; fileRef = 35E50661286F870500A3F6EA /* Client.framework */; };
		35E50670286F870500A3F6EA /* ClientTests.swift in Sources */ = {isa = PBXBuildFile; fileRef = 35E5066F286F870500A3F6EA /* ClientTests.swift */; };
		35E50671286F870500A3F6EA /* Client.h in Headers */ = {isa = PBXBuildFile; fileRef = 35E50663286F870500A3F6EA /* Client.h */; settings = {ATTRIBUTES = (Public, ); }; };
		35E50674286F870500A3F6EA /* Client.framework in Frameworks */ = {isa = PBXBuildFile; fileRef = 35E50661286F870500A3F6EA /* Client.framework */; };
		35E50675286F870500A3F6EA /* Client.framework in Embed Frameworks */ = {isa = PBXBuildFile; fileRef = 35E50661286F870500A3F6EA /* Client.framework */; settings = {ATTRIBUTES = (CodeSignOnCopy, RemoveHeadersOnCopy, ); }; };
		35E5067E286F871A00A3F6EA /* ClientDummyStruct.swift in Sources */ = {isa = PBXBuildFile; fileRef = 35E5067D286F871A00A3F6EA /* ClientDummyStruct.swift */; };
		35E5068C286F87A700A3F6EA /* Core.framework in Frameworks */ = {isa = PBXBuildFile; fileRef = 35E50684286F87A600A3F6EA /* Core.framework */; };
		35E50693286F87A700A3F6EA /* CoreTests.swift in Sources */ = {isa = PBXBuildFile; fileRef = 35E50692286F87A700A3F6EA /* CoreTests.swift */; };
		35E50694286F87A700A3F6EA /* Core.h in Headers */ = {isa = PBXBuildFile; fileRef = 35E50686286F87A600A3F6EA /* Core.h */; settings = {ATTRIBUTES = (Public, ); }; };
		35E50697286F87A700A3F6EA /* Core.framework in Frameworks */ = {isa = PBXBuildFile; fileRef = 35E50684286F87A600A3F6EA /* Core.framework */; };
		35E50698286F87A700A3F6EA /* Core.framework in Embed Frameworks */ = {isa = PBXBuildFile; fileRef = 35E50684286F87A600A3F6EA /* Core.framework */; settings = {ATTRIBUTES = (CodeSignOnCopy, RemoveHeadersOnCopy, ); }; };
		35E506A0286F87D500A3F6EA /* CoreDummyStruct.swift in Sources */ = {isa = PBXBuildFile; fileRef = 35E5069F286F87D500A3F6EA /* CoreDummyStruct.swift */; };
		43D8E83DEA8EF33F5E68C83E /* Pods_Core_CoreTests.framework in Frameworks */ = {isa = PBXBuildFile; fileRef = A7A8977220EAD2E5C505F8CF /* Pods_Core_CoreTests.framework */; };
		675A744B254FF56E1C95D91B /* Pods_Client.framework in Frameworks */ = {isa = PBXBuildFile; fileRef = 303E837161E0B51054C04021 /* Pods_Client.framework */; };
		6EA5015186914BB62E54DBE6 /* Pods_Client_ClientTests.framework in Frameworks */ = {isa = PBXBuildFile; fileRef = 0D35678054D43CDE3733E788 /* Pods_Client_ClientTests.framework */; };
		706849B55C70CEEC0D81FBF3 /* Pods_macOS.framework in Frameworks */ = {isa = PBXBuildFile; fileRef = 302E54D07ED836B91BE0C248 /* Pods_macOS.framework */; };
		CCE7E1B680E6647D25927D82 /* Pods_iOS.framework in Frameworks */ = {isa = PBXBuildFile; fileRef = 1F5C90C76FB6CAE61EBE55B9 /* Pods_iOS.framework */; };
		E40DE51A41CD97CC92DF6EF9 /* Pods_Core.framework in Frameworks */ = {isa = PBXBuildFile; fileRef = 81DBB96363B0551C727A1AF9 /* Pods_Core.framework */; };
/* End PBXBuildFile section */

/* Begin PBXContainerItemProxy section */
		35E5066A286F870500A3F6EA /* PBXContainerItemProxy */ = {
			isa = PBXContainerItemProxy;
			containerPortal = 35E5062F286F819F00A3F6EA /* Project object */;
			proxyType = 1;
			remoteGlobalIDString = 35E50660286F870500A3F6EA;
			remoteInfo = Client;
		};
		35E5066C286F870500A3F6EA /* PBXContainerItemProxy */ = {
			isa = PBXContainerItemProxy;
			containerPortal = 35E5062F286F819F00A3F6EA /* Project object */;
			proxyType = 1;
			remoteGlobalIDString = 35E5063A286F819F00A3F6EA;
			remoteInfo = iOS;
		};
		35E50672286F870500A3F6EA /* PBXContainerItemProxy */ = {
			isa = PBXContainerItemProxy;
			containerPortal = 35E5062F286F819F00A3F6EA /* Project object */;
			proxyType = 1;
			remoteGlobalIDString = 35E50660286F870500A3F6EA;
			remoteInfo = Client;
		};
		35E5068D286F87A700A3F6EA /* PBXContainerItemProxy */ = {
			isa = PBXContainerItemProxy;
			containerPortal = 35E5062F286F819F00A3F6EA /* Project object */;
			proxyType = 1;
			remoteGlobalIDString = 35E50683286F87A600A3F6EA;
			remoteInfo = Core;
		};
		35E5068F286F87A700A3F6EA /* PBXContainerItemProxy */ = {
			isa = PBXContainerItemProxy;
			containerPortal = 35E5062F286F819F00A3F6EA /* Project object */;
			proxyType = 1;
			remoteGlobalIDString = 35E5063A286F819F00A3F6EA;
			remoteInfo = iOS;
		};
		35E50695286F87A700A3F6EA /* PBXContainerItemProxy */ = {
			isa = PBXContainerItemProxy;
			containerPortal = 35E5062F286F819F00A3F6EA /* Project object */;
			proxyType = 1;
			remoteGlobalIDString = 35E50683286F87A600A3F6EA;
			remoteInfo = Core;
		};
/* End PBXContainerItemProxy section */

/* Begin PBXCopyFilesBuildPhase section */
		35E50679286F870500A3F6EA /* Embed Frameworks */ = {
			isa = PBXCopyFilesBuildPhase;
			buildActionMask = 2147483647;
			dstPath = "";
			dstSubfolderSpec = 10;
			files = (
				35E50675286F870500A3F6EA /* Client.framework in Embed Frameworks */,
				35E50698286F87A700A3F6EA /* Core.framework in Embed Frameworks */,
			);
			name = "Embed Frameworks";
			runOnlyForDeploymentPostprocessing = 0;
		};
/* End PBXCopyFilesBuildPhase section */

/* Begin PBXFileReference section */
		05BB58E3AF6F668997F9A688 /* Pods-iOS.debug.xcconfig */ = {isa = PBXFileReference; includeInIndex = 1; lastKnownFileType = text.xcconfig; name = "Pods-iOS.debug.xcconfig"; path = "Target Support Files/Pods-iOS/Pods-iOS.debug.xcconfig"; sourceTree = "<group>"; };
		07E7A7EB42F8AB28ADFC55C9 /* Pods-Core-CoreTests.release.xcconfig */ = {isa = PBXFileReference; includeInIndex = 1; lastKnownFileType = text.xcconfig; name = "Pods-Core-CoreTests.release.xcconfig"; path = "Target Support Files/Pods-Core-CoreTests/Pods-Core-CoreTests.release.xcconfig"; sourceTree = "<group>"; };
		09F3C53F6D63359F1D2BB611 /* Pods-iOS.release.xcconfig */ = {isa = PBXFileReference; includeInIndex = 1; lastKnownFileType = text.xcconfig; name = "Pods-iOS.release.xcconfig"; path = "Target Support Files/Pods-iOS/Pods-iOS.release.xcconfig"; sourceTree = "<group>"; };
		0D35678054D43CDE3733E788 /* Pods_Client_ClientTests.framework */ = {isa = PBXFileReference; explicitFileType = wrapper.framework; includeInIndex = 0; path = Pods_Client_ClientTests.framework; sourceTree = BUILT_PRODUCTS_DIR; };
		1A319647D011E96DE85C3A50 /* Pods-macOS.release.xcconfig */ = {isa = PBXFileReference; includeInIndex = 1; lastKnownFileType = text.xcconfig; name = "Pods-macOS.release.xcconfig"; path = "Target Support Files/Pods-macOS/Pods-macOS.release.xcconfig"; sourceTree = "<group>"; };
		1F5C90C76FB6CAE61EBE55B9 /* Pods_iOS.framework */ = {isa = PBXFileReference; explicitFileType = wrapper.framework; includeInIndex = 0; path = Pods_iOS.framework; sourceTree = BUILT_PRODUCTS_DIR; };
		259E778BA83D0093652C7BDF /* Pods-Client.debug.xcconfig */ = {isa = PBXFileReference; includeInIndex = 1; lastKnownFileType = text.xcconfig; name = "Pods-Client.debug.xcconfig"; path = "Target Support Files/Pods-Client/Pods-Client.debug.xcconfig"; sourceTree = "<group>"; };
		2A2387AA3DDC1A71F6C10348 /* Pods-Client-ClientTests.debug.xcconfig */ = {isa = PBXFileReference; includeInIndex = 1; lastKnownFileType = text.xcconfig; name = "Pods-Client-ClientTests.debug.xcconfig"; path = "Target Support Files/Pods-Client-ClientTests/Pods-Client-ClientTests.debug.xcconfig"; sourceTree = "<group>"; };
		302E54D07ED836B91BE0C248 /* Pods_macOS.framework */ = {isa = PBXFileReference; explicitFileType = wrapper.framework; includeInIndex = 0; path = Pods_macOS.framework; sourceTree = BUILT_PRODUCTS_DIR; };
		303E837161E0B51054C04021 /* Pods_Client.framework */ = {isa = PBXFileReference; explicitFileType = wrapper.framework; includeInIndex = 0; path = Pods_Client.framework; sourceTree = BUILT_PRODUCTS_DIR; };
		35E50636286F819F00A3F6EA /* Assets.xcassets */ = {isa = PBXFileReference; lastKnownFileType = folder.assetcatalog; path = Assets.xcassets; sourceTree = "<group>"; };
		35E5063B286F819F00A3F6EA /* Proton Key.app */ = {isa = PBXFileReference; explicitFileType = wrapper.application; includeInIndex = 0; path = "Proton Key.app"; sourceTree = BUILT_PRODUCTS_DIR; };
		35E50641286F819F00A3F6EA /* Proton Key.app */ = {isa = PBXFileReference; explicitFileType = wrapper.application; includeInIndex = 0; path = "Proton Key.app"; sourceTree = BUILT_PRODUCTS_DIR; };
		35E50643286F819F00A3F6EA /* macOS.entitlements */ = {isa = PBXFileReference; lastKnownFileType = text.plist.entitlements; path = macOS.entitlements; sourceTree = "<group>"; };
		35E50653286F82DC00A3F6EA /* AppDelegate.swift */ = {isa = PBXFileReference; lastKnownFileType = sourcecode.swift; path = AppDelegate.swift; sourceTree = "<group>"; };
		35E50655286F830A00A3F6EA /* SceneDelegate.swift */ = {isa = PBXFileReference; lastKnownFileType = sourcecode.swift; path = SceneDelegate.swift; sourceTree = "<group>"; };
		35E50658286F838800A3F6EA /* Info.plist */ = {isa = PBXFileReference; lastKnownFileType = text.plist.xml; path = Info.plist; sourceTree = "<group>"; };
		35E5065A286F865900A3F6EA /* macOSApp.swift */ = {isa = PBXFileReference; lastKnownFileType = sourcecode.swift; path = macOSApp.swift; sourceTree = "<group>"; };
		35E50661286F870500A3F6EA /* Client.framework */ = {isa = PBXFileReference; explicitFileType = wrapper.framework; includeInIndex = 0; path = Client.framework; sourceTree = BUILT_PRODUCTS_DIR; };
		35E50663286F870500A3F6EA /* Client.h */ = {isa = PBXFileReference; lastKnownFileType = sourcecode.c.h; path = Client.h; sourceTree = "<group>"; };
		35E50668286F870500A3F6EA /* ClientTests.xctest */ = {isa = PBXFileReference; explicitFileType = wrapper.cfbundle; includeInIndex = 0; path = ClientTests.xctest; sourceTree = BUILT_PRODUCTS_DIR; };
		35E5066F286F870500A3F6EA /* ClientTests.swift */ = {isa = PBXFileReference; lastKnownFileType = sourcecode.swift; path = ClientTests.swift; sourceTree = "<group>"; };
		35E5067D286F871A00A3F6EA /* ClientDummyStruct.swift */ = {isa = PBXFileReference; lastKnownFileType = sourcecode.swift; path = ClientDummyStruct.swift; sourceTree = "<group>"; };
		35E50684286F87A600A3F6EA /* Core.framework */ = {isa = PBXFileReference; explicitFileType = wrapper.framework; includeInIndex = 0; path = Core.framework; sourceTree = BUILT_PRODUCTS_DIR; };
		35E50686286F87A600A3F6EA /* Core.h */ = {isa = PBXFileReference; lastKnownFileType = sourcecode.c.h; path = Core.h; sourceTree = "<group>"; };
		35E5068B286F87A700A3F6EA /* CoreTests.xctest */ = {isa = PBXFileReference; explicitFileType = wrapper.cfbundle; includeInIndex = 0; path = CoreTests.xctest; sourceTree = BUILT_PRODUCTS_DIR; };
		35E50692286F87A700A3F6EA /* CoreTests.swift */ = {isa = PBXFileReference; lastKnownFileType = sourcecode.swift; path = CoreTests.swift; sourceTree = "<group>"; };
		35E5069F286F87D500A3F6EA /* CoreDummyStruct.swift */ = {isa = PBXFileReference; lastKnownFileType = sourcecode.swift; path = CoreDummyStruct.swift; sourceTree = "<group>"; };
		3CDC57C290CF2F32BE9B8B39 /* Pods-macOS.debug.xcconfig */ = {isa = PBXFileReference; includeInIndex = 1; lastKnownFileType = text.xcconfig; name = "Pods-macOS.debug.xcconfig"; path = "Target Support Files/Pods-macOS/Pods-macOS.debug.xcconfig"; sourceTree = "<group>"; };
		81DBB96363B0551C727A1AF9 /* Pods_Core.framework */ = {isa = PBXFileReference; explicitFileType = wrapper.framework; includeInIndex = 0; path = Pods_Core.framework; sourceTree = BUILT_PRODUCTS_DIR; };
		946F2D8BDA19ED0C714A6A22 /* Pods-Core-CoreTests.debug.xcconfig */ = {isa = PBXFileReference; includeInIndex = 1; lastKnownFileType = text.xcconfig; name = "Pods-Core-CoreTests.debug.xcconfig"; path = "Target Support Files/Pods-Core-CoreTests/Pods-Core-CoreTests.debug.xcconfig"; sourceTree = "<group>"; };
		9A07426AD9500D93BED2EBAD /* Pods-Client.release.xcconfig */ = {isa = PBXFileReference; includeInIndex = 1; lastKnownFileType = text.xcconfig; name = "Pods-Client.release.xcconfig"; path = "Target Support Files/Pods-Client/Pods-Client.release.xcconfig"; sourceTree = "<group>"; };
		A7A8977220EAD2E5C505F8CF /* Pods_Core_CoreTests.framework */ = {isa = PBXFileReference; explicitFileType = wrapper.framework; includeInIndex = 0; path = Pods_Core_CoreTests.framework; sourceTree = BUILT_PRODUCTS_DIR; };
		D27E0A5EAE9B0698D5A72C3D /* Pods-Core.debug.xcconfig */ = {isa = PBXFileReference; includeInIndex = 1; lastKnownFileType = text.xcconfig; name = "Pods-Core.debug.xcconfig"; path = "Target Support Files/Pods-Core/Pods-Core.debug.xcconfig"; sourceTree = "<group>"; };
		D817C441253549DC8F078A3F /* Pods-Client-ClientTests.release.xcconfig */ = {isa = PBXFileReference; includeInIndex = 1; lastKnownFileType = text.xcconfig; name = "Pods-Client-ClientTests.release.xcconfig"; path = "Target Support Files/Pods-Client-ClientTests/Pods-Client-ClientTests.release.xcconfig"; sourceTree = "<group>"; };
		DFC4C15957574DF9317C4FE1 /* Pods-Core.release.xcconfig */ = {isa = PBXFileReference; includeInIndex = 1; lastKnownFileType = text.xcconfig; name = "Pods-Core.release.xcconfig"; path = "Target Support Files/Pods-Core/Pods-Core.release.xcconfig"; sourceTree = "<group>"; };
/* End PBXFileReference section */

/* Begin PBXFrameworksBuildPhase section */
		35E50638286F819F00A3F6EA /* Frameworks */ = {
			isa = PBXFrameworksBuildPhase;
			buildActionMask = 2147483647;
			files = (
				35E50674286F870500A3F6EA /* Client.framework in Frameworks */,
				35E50697286F87A700A3F6EA /* Core.framework in Frameworks */,
				CCE7E1B680E6647D25927D82 /* Pods_iOS.framework in Frameworks */,
			);
			runOnlyForDeploymentPostprocessing = 0;
		};
		35E5063E286F819F00A3F6EA /* Frameworks */ = {
			isa = PBXFrameworksBuildPhase;
			buildActionMask = 2147483647;
			files = (
				706849B55C70CEEC0D81FBF3 /* Pods_macOS.framework in Frameworks */,
			);
			runOnlyForDeploymentPostprocessing = 0;
		};
		35E5065E286F870500A3F6EA /* Frameworks */ = {
			isa = PBXFrameworksBuildPhase;
			buildActionMask = 2147483647;
			files = (
				675A744B254FF56E1C95D91B /* Pods_Client.framework in Frameworks */,
			);
			runOnlyForDeploymentPostprocessing = 0;
		};
		35E50665286F870500A3F6EA /* Frameworks */ = {
			isa = PBXFrameworksBuildPhase;
			buildActionMask = 2147483647;
			files = (
				35E50669286F870500A3F6EA /* Client.framework in Frameworks */,
				6EA5015186914BB62E54DBE6 /* Pods_Client_ClientTests.framework in Frameworks */,
			);
			runOnlyForDeploymentPostprocessing = 0;
		};
		35E50681286F87A600A3F6EA /* Frameworks */ = {
			isa = PBXFrameworksBuildPhase;
			buildActionMask = 2147483647;
			files = (
				E40DE51A41CD97CC92DF6EF9 /* Pods_Core.framework in Frameworks */,
			);
			runOnlyForDeploymentPostprocessing = 0;
		};
		35E50688286F87A700A3F6EA /* Frameworks */ = {
			isa = PBXFrameworksBuildPhase;
			buildActionMask = 2147483647;
			files = (
				35E5068C286F87A700A3F6EA /* Core.framework in Frameworks */,
				43D8E83DEA8EF33F5E68C83E /* Pods_Core_CoreTests.framework in Frameworks */,
			);
			runOnlyForDeploymentPostprocessing = 0;
		};
/* End PBXFrameworksBuildPhase section */

/* Begin PBXGroup section */
		2E7AE4F339A9234C7A1F51F3 /* Frameworks */ = {
			isa = PBXGroup;
			children = (
				303E837161E0B51054C04021 /* Pods_Client.framework */,
				0D35678054D43CDE3733E788 /* Pods_Client_ClientTests.framework */,
				81DBB96363B0551C727A1AF9 /* Pods_Core.framework */,
				A7A8977220EAD2E5C505F8CF /* Pods_Core_CoreTests.framework */,
				1F5C90C76FB6CAE61EBE55B9 /* Pods_iOS.framework */,
				302E54D07ED836B91BE0C248 /* Pods_macOS.framework */,
			);
			name = Frameworks;
			sourceTree = "<group>";
		};
		35E5062E286F819F00A3F6EA = {
			isa = PBXGroup;
			children = (
				35E50652286F826000A3F6EA /* iOS */,
				35E50633286F819F00A3F6EA /* iOS & macOS */,
				35E50642286F819F00A3F6EA /* macOS */,
				35E50662286F870500A3F6EA /* Client */,
				35E5066E286F870500A3F6EA /* ClientTests */,
				35E50685286F87A600A3F6EA /* Core */,
				35E50691286F87A700A3F6EA /* CoreTests */,
				35E5063C286F819F00A3F6EA /* Products */,
				A960751BC7741704CCF907C2 /* Pods */,
				2E7AE4F339A9234C7A1F51F3 /* Frameworks */,
			);
			sourceTree = "<group>";
		};
		35E50633286F819F00A3F6EA /* iOS & macOS */ = {
			isa = PBXGroup;
			children = (
				35E50636286F819F00A3F6EA /* Assets.xcassets */,
			);
			path = "iOS & macOS";
			sourceTree = "<group>";
		};
		35E5063C286F819F00A3F6EA /* Products */ = {
			isa = PBXGroup;
			children = (
				35E5063B286F819F00A3F6EA /* Proton Key.app */,
				35E50641286F819F00A3F6EA /* Proton Key.app */,
				35E50661286F870500A3F6EA /* Client.framework */,
				35E50668286F870500A3F6EA /* ClientTests.xctest */,
				35E50684286F87A600A3F6EA /* Core.framework */,
				35E5068B286F87A700A3F6EA /* CoreTests.xctest */,
			);
			name = Products;
			sourceTree = "<group>";
		};
		35E50642286F819F00A3F6EA /* macOS */ = {
			isa = PBXGroup;
			children = (
				35E50643286F819F00A3F6EA /* macOS.entitlements */,
				35E5065A286F865900A3F6EA /* macOSApp.swift */,
			);
			path = macOS;
			sourceTree = "<group>";
		};
		35E50652286F826000A3F6EA /* iOS */ = {
			isa = PBXGroup;
			children = (
				35E50658286F838800A3F6EA /* Info.plist */,
				35E50653286F82DC00A3F6EA /* AppDelegate.swift */,
				35E50655286F830A00A3F6EA /* SceneDelegate.swift */,
			);
			path = iOS;
			sourceTree = "<group>";
		};
		35E50662286F870500A3F6EA /* Client */ = {
			isa = PBXGroup;
			children = (
				35E50663286F870500A3F6EA /* Client.h */,
				35E5067D286F871A00A3F6EA /* ClientDummyStruct.swift */,
			);
			path = Client;
			sourceTree = "<group>";
		};
		35E5066E286F870500A3F6EA /* ClientTests */ = {
			isa = PBXGroup;
			children = (
				35E5066F286F870500A3F6EA /* ClientTests.swift */,
			);
			path = ClientTests;
			sourceTree = "<group>";
		};
		35E50685286F87A600A3F6EA /* Core */ = {
			isa = PBXGroup;
			children = (
				35E50686286F87A600A3F6EA /* Core.h */,
				35E5069F286F87D500A3F6EA /* CoreDummyStruct.swift */,
			);
			path = Core;
			sourceTree = "<group>";
		};
		35E50691286F87A700A3F6EA /* CoreTests */ = {
			isa = PBXGroup;
			children = (
				35E50692286F87A700A3F6EA /* CoreTests.swift */,
			);
			path = CoreTests;
			sourceTree = "<group>";
		};
		A960751BC7741704CCF907C2 /* Pods */ = {
			isa = PBXGroup;
			children = (
				259E778BA83D0093652C7BDF /* Pods-Client.debug.xcconfig */,
				9A07426AD9500D93BED2EBAD /* Pods-Client.release.xcconfig */,
				2A2387AA3DDC1A71F6C10348 /* Pods-Client-ClientTests.debug.xcconfig */,
				D817C441253549DC8F078A3F /* Pods-Client-ClientTests.release.xcconfig */,
				D27E0A5EAE9B0698D5A72C3D /* Pods-Core.debug.xcconfig */,
				DFC4C15957574DF9317C4FE1 /* Pods-Core.release.xcconfig */,
				946F2D8BDA19ED0C714A6A22 /* Pods-Core-CoreTests.debug.xcconfig */,
				07E7A7EB42F8AB28ADFC55C9 /* Pods-Core-CoreTests.release.xcconfig */,
				05BB58E3AF6F668997F9A688 /* Pods-iOS.debug.xcconfig */,
				09F3C53F6D63359F1D2BB611 /* Pods-iOS.release.xcconfig */,
				3CDC57C290CF2F32BE9B8B39 /* Pods-macOS.debug.xcconfig */,
				1A319647D011E96DE85C3A50 /* Pods-macOS.release.xcconfig */,
			);
			name = Pods;
			path = Pods;
			sourceTree = "<group>";
		};
/* End PBXGroup section */

/* Begin PBXHeadersBuildPhase section */
		35E5065C286F870500A3F6EA /* Headers */ = {
			isa = PBXHeadersBuildPhase;
			buildActionMask = 2147483647;
			files = (
				35E50671286F870500A3F6EA /* Client.h in Headers */,
			);
			runOnlyForDeploymentPostprocessing = 0;
		};
		35E5067F286F87A600A3F6EA /* Headers */ = {
			isa = PBXHeadersBuildPhase;
			buildActionMask = 2147483647;
			files = (
				35E50694286F87A700A3F6EA /* Core.h in Headers */,
			);
			runOnlyForDeploymentPostprocessing = 0;
		};
/* End PBXHeadersBuildPhase section */

/* Begin PBXNativeTarget section */
		35E5063A286F819F00A3F6EA /* iOS */ = {
			isa = PBXNativeTarget;
			buildConfigurationList = 35E5064C286F819F00A3F6EA /* Build configuration list for PBXNativeTarget "iOS" */;
			buildPhases = (
				970C365F2964D24D394D134F /* [CP] Check Pods Manifest.lock */,
				35E50637286F819F00A3F6EA /* Sources */,
				35E50638286F819F00A3F6EA /* Frameworks */,
				35E50639286F819F00A3F6EA /* Resources */,
				35E50679286F870500A3F6EA /* Embed Frameworks */,
				1623E0D151267B992DD72C6D /* [CP] Embed Pods Frameworks */,
			);
			buildRules = (
			);
			dependencies = (
				35E50673286F870500A3F6EA /* PBXTargetDependency */,
				35E50696286F87A700A3F6EA /* PBXTargetDependency */,
			);
			name = iOS;
			productName = "Proton Key (iOS)";
			productReference = 35E5063B286F819F00A3F6EA /* Proton Key.app */;
			productType = "com.apple.product-type.application";
		};
		35E50640286F819F00A3F6EA /* macOS */ = {
			isa = PBXNativeTarget;
			buildConfigurationList = 35E5064F286F819F00A3F6EA /* Build configuration list for PBXNativeTarget "macOS" */;
			buildPhases = (
				72785DB0AB7147FC054BA871 /* [CP] Check Pods Manifest.lock */,
				35E5063D286F819F00A3F6EA /* Sources */,
				35E5063E286F819F00A3F6EA /* Frameworks */,
				35E5063F286F819F00A3F6EA /* Resources */,
			);
			buildRules = (
			);
			dependencies = (
			);
			name = macOS;
			productName = "Proton Key (macOS)";
			productReference = 35E50641286F819F00A3F6EA /* Proton Key.app */;
			productType = "com.apple.product-type.application";
		};
		35E50660286F870500A3F6EA /* Client */ = {
			isa = PBXNativeTarget;
			buildConfigurationList = 35E50676286F870500A3F6EA /* Build configuration list for PBXNativeTarget "Client" */;
			buildPhases = (
				F6A13C82865EB69573EE123C /* [CP] Check Pods Manifest.lock */,
				35E5065C286F870500A3F6EA /* Headers */,
				35E5065D286F870500A3F6EA /* Sources */,
				35E5065E286F870500A3F6EA /* Frameworks */,
				35E5065F286F870500A3F6EA /* Resources */,
			);
			buildRules = (
			);
			dependencies = (
			);
			name = Client;
			productName = Client;
			productReference = 35E50661286F870500A3F6EA /* Client.framework */;
			productType = "com.apple.product-type.framework";
		};
		35E50667286F870500A3F6EA /* ClientTests */ = {
			isa = PBXNativeTarget;
			buildConfigurationList = 35E5067A286F870500A3F6EA /* Build configuration list for PBXNativeTarget "ClientTests" */;
			buildPhases = (
				A45407811A53C4E9E074BC60 /* [CP] Check Pods Manifest.lock */,
				35E50664286F870500A3F6EA /* Sources */,
				35E50665286F870500A3F6EA /* Frameworks */,
				35E50666286F870500A3F6EA /* Resources */,
				737BDE1A512C8080402610F4 /* [CP] Embed Pods Frameworks */,
			);
			buildRules = (
			);
			dependencies = (
				35E5066B286F870500A3F6EA /* PBXTargetDependency */,
				35E5066D286F870500A3F6EA /* PBXTargetDependency */,
			);
			name = ClientTests;
			productName = ClientTests;
			productReference = 35E50668286F870500A3F6EA /* ClientTests.xctest */;
			productType = "com.apple.product-type.bundle.unit-test";
		};
		35E50683286F87A600A3F6EA /* Core */ = {
			isa = PBXNativeTarget;
			buildConfigurationList = 35E50699286F87A700A3F6EA /* Build configuration list for PBXNativeTarget "Core" */;
			buildPhases = (
				723DD729E7E78D18A70C5777 /* [CP] Check Pods Manifest.lock */,
				35E5067F286F87A600A3F6EA /* Headers */,
				35E50680286F87A600A3F6EA /* Sources */,
				35E50681286F87A600A3F6EA /* Frameworks */,
				35E50682286F87A600A3F6EA /* Resources */,
			);
			buildRules = (
			);
			dependencies = (
			);
			name = Core;
			productName = Core;
			productReference = 35E50684286F87A600A3F6EA /* Core.framework */;
			productType = "com.apple.product-type.framework";
		};
		35E5068A286F87A700A3F6EA /* CoreTests */ = {
			isa = PBXNativeTarget;
			buildConfigurationList = 35E5069C286F87A700A3F6EA /* Build configuration list for PBXNativeTarget "CoreTests" */;
			buildPhases = (
				97A983B772DC61F62993FA41 /* [CP] Check Pods Manifest.lock */,
				35E50687286F87A700A3F6EA /* Sources */,
				35E50688286F87A700A3F6EA /* Frameworks */,
				35E50689286F87A700A3F6EA /* Resources */,
				2FFF6FEE4163A57CBDFB9722 /* [CP] Embed Pods Frameworks */,
			);
			buildRules = (
			);
			dependencies = (
				35E5068E286F87A700A3F6EA /* PBXTargetDependency */,
				35E50690286F87A700A3F6EA /* PBXTargetDependency */,
			);
			name = CoreTests;
			productName = CoreTests;
			productReference = 35E5068B286F87A700A3F6EA /* CoreTests.xctest */;
			productType = "com.apple.product-type.bundle.unit-test";
		};
/* End PBXNativeTarget section */

/* Begin PBXProject section */
		35E5062F286F819F00A3F6EA /* Project object */ = {
			isa = PBXProject;
			attributes = {
				BuildIndependentTargetsInParallel = 1;
				LastSwiftUpdateCheck = 1330;
				LastUpgradeCheck = 1330;
				TargetAttributes = {
					35E5063A286F819F00A3F6EA = {
						CreatedOnToolsVersion = 13.3.1;
						LastSwiftMigration = 1330;
					};
					35E50640286F819F00A3F6EA = {
						CreatedOnToolsVersion = 13.3.1;
						LastSwiftMigration = 1330;
					};
					35E50660286F870500A3F6EA = {
						CreatedOnToolsVersion = 13.3.1;
						LastSwiftMigration = 1330;
					};
					35E50667286F870500A3F6EA = {
						CreatedOnToolsVersion = 13.3.1;
						TestTargetID = 35E5063A286F819F00A3F6EA;
					};
					35E50683286F87A600A3F6EA = {
						CreatedOnToolsVersion = 13.3.1;
						LastSwiftMigration = 1330;
					};
					35E5068A286F87A700A3F6EA = {
						CreatedOnToolsVersion = 13.3.1;
						TestTargetID = 35E5063A286F819F00A3F6EA;
					};
				};
			};
			buildConfigurationList = 35E50632286F819F00A3F6EA /* Build configuration list for PBXProject "Proton Key" */;
			compatibilityVersion = "Xcode 13.0";
			developmentRegion = en;
			hasScannedForEncodings = 0;
			knownRegions = (
				en,
				Base,
			);
			mainGroup = 35E5062E286F819F00A3F6EA;
			productRefGroup = 35E5063C286F819F00A3F6EA /* Products */;
			projectDirPath = "";
			projectRoot = "";
			targets = (
				35E5063A286F819F00A3F6EA /* iOS */,
				35E50640286F819F00A3F6EA /* macOS */,
				35E50660286F870500A3F6EA /* Client */,
				35E50667286F870500A3F6EA /* ClientTests */,
				35E50683286F87A600A3F6EA /* Core */,
				35E5068A286F87A700A3F6EA /* CoreTests */,
			);
		};
/* End PBXProject section */

/* Begin PBXResourcesBuildPhase section */
		35E50639286F819F00A3F6EA /* Resources */ = {
			isa = PBXResourcesBuildPhase;
			buildActionMask = 2147483647;
			files = (
				35E50648286F819F00A3F6EA /* Assets.xcassets in Resources */,
			);
			runOnlyForDeploymentPostprocessing = 0;
		};
		35E5063F286F819F00A3F6EA /* Resources */ = {
			isa = PBXResourcesBuildPhase;
			buildActionMask = 2147483647;
			files = (
				35E50649286F819F00A3F6EA /* Assets.xcassets in Resources */,
			);
			runOnlyForDeploymentPostprocessing = 0;
		};
		35E5065F286F870500A3F6EA /* Resources */ = {
			isa = PBXResourcesBuildPhase;
			buildActionMask = 2147483647;
			files = (
			);
			runOnlyForDeploymentPostprocessing = 0;
		};
		35E50666286F870500A3F6EA /* Resources */ = {
			isa = PBXResourcesBuildPhase;
			buildActionMask = 2147483647;
			files = (
			);
			runOnlyForDeploymentPostprocessing = 0;
		};
		35E50682286F87A600A3F6EA /* Resources */ = {
			isa = PBXResourcesBuildPhase;
			buildActionMask = 2147483647;
			files = (
			);
			runOnlyForDeploymentPostprocessing = 0;
		};
		35E50689286F87A700A3F6EA /* Resources */ = {
			isa = PBXResourcesBuildPhase;
			buildActionMask = 2147483647;
			files = (
			);
			runOnlyForDeploymentPostprocessing = 0;
		};
/* End PBXResourcesBuildPhase section */

/* Begin PBXShellScriptBuildPhase section */
		1623E0D151267B992DD72C6D /* [CP] Embed Pods Frameworks */ = {
			isa = PBXShellScriptBuildPhase;
			buildActionMask = 2147483647;
			files = (
			);
			inputFileListPaths = (
				"${PODS_ROOT}/Target Support Files/Pods-iOS/Pods-iOS-frameworks-${CONFIGURATION}-input-files.xcfilelist",
			);
			name = "[CP] Embed Pods Frameworks";
			outputFileListPaths = (
				"${PODS_ROOT}/Target Support Files/Pods-iOS/Pods-iOS-frameworks-${CONFIGURATION}-output-files.xcfilelist",
			);
			runOnlyForDeploymentPostprocessing = 0;
			shellPath = /bin/sh;
			shellScript = "\"${PODS_ROOT}/Target Support Files/Pods-iOS/Pods-iOS-frameworks.sh\"\n";
			showEnvVarsInLog = 0;
		};
		2FFF6FEE4163A57CBDFB9722 /* [CP] Embed Pods Frameworks */ = {
			isa = PBXShellScriptBuildPhase;
			buildActionMask = 2147483647;
			files = (
			);
			inputFileListPaths = (
				"${PODS_ROOT}/Target Support Files/Pods-Core-CoreTests/Pods-Core-CoreTests-frameworks-${CONFIGURATION}-input-files.xcfilelist",
			);
			name = "[CP] Embed Pods Frameworks";
			outputFileListPaths = (
				"${PODS_ROOT}/Target Support Files/Pods-Core-CoreTests/Pods-Core-CoreTests-frameworks-${CONFIGURATION}-output-files.xcfilelist",
			);
			runOnlyForDeploymentPostprocessing = 0;
			shellPath = /bin/sh;
			shellScript = "\"${PODS_ROOT}/Target Support Files/Pods-Core-CoreTests/Pods-Core-CoreTests-frameworks.sh\"\n";
			showEnvVarsInLog = 0;
		};
		723DD729E7E78D18A70C5777 /* [CP] Check Pods Manifest.lock */ = {
			isa = PBXShellScriptBuildPhase;
			buildActionMask = 2147483647;
			files = (
			);
			inputFileListPaths = (
			);
			inputPaths = (
				"${PODS_PODFILE_DIR_PATH}/Podfile.lock",
				"${PODS_ROOT}/Manifest.lock",
			);
			name = "[CP] Check Pods Manifest.lock";
			outputFileListPaths = (
			);
			outputPaths = (
				"$(DERIVED_FILE_DIR)/Pods-Core-checkManifestLockResult.txt",
			);
			runOnlyForDeploymentPostprocessing = 0;
			shellPath = /bin/sh;
			shellScript = "diff \"${PODS_PODFILE_DIR_PATH}/Podfile.lock\" \"${PODS_ROOT}/Manifest.lock\" > /dev/null\nif [ $? != 0 ] ; then\n    # print error to STDERR\n    echo \"error: The sandbox is not in sync with the Podfile.lock. Run 'pod install' or update your CocoaPods installation.\" >&2\n    exit 1\nfi\n# This output is used by Xcode 'outputs' to avoid re-running this script phase.\necho \"SUCCESS\" > \"${SCRIPT_OUTPUT_FILE_0}\"\n";
			showEnvVarsInLog = 0;
		};
		72785DB0AB7147FC054BA871 /* [CP] Check Pods Manifest.lock */ = {
			isa = PBXShellScriptBuildPhase;
			buildActionMask = 2147483647;
			files = (
			);
			inputFileListPaths = (
			);
			inputPaths = (
				"${PODS_PODFILE_DIR_PATH}/Podfile.lock",
				"${PODS_ROOT}/Manifest.lock",
			);
			name = "[CP] Check Pods Manifest.lock";
			outputFileListPaths = (
			);
			outputPaths = (
				"$(DERIVED_FILE_DIR)/Pods-macOS-checkManifestLockResult.txt",
			);
			runOnlyForDeploymentPostprocessing = 0;
			shellPath = /bin/sh;
			shellScript = "diff \"${PODS_PODFILE_DIR_PATH}/Podfile.lock\" \"${PODS_ROOT}/Manifest.lock\" > /dev/null\nif [ $? != 0 ] ; then\n    # print error to STDERR\n    echo \"error: The sandbox is not in sync with the Podfile.lock. Run 'pod install' or update your CocoaPods installation.\" >&2\n    exit 1\nfi\n# This output is used by Xcode 'outputs' to avoid re-running this script phase.\necho \"SUCCESS\" > \"${SCRIPT_OUTPUT_FILE_0}\"\n";
			showEnvVarsInLog = 0;
		};
		737BDE1A512C8080402610F4 /* [CP] Embed Pods Frameworks */ = {
			isa = PBXShellScriptBuildPhase;
			buildActionMask = 2147483647;
			files = (
			);
			inputFileListPaths = (
				"${PODS_ROOT}/Target Support Files/Pods-Client-ClientTests/Pods-Client-ClientTests-frameworks-${CONFIGURATION}-input-files.xcfilelist",
			);
			name = "[CP] Embed Pods Frameworks";
			outputFileListPaths = (
				"${PODS_ROOT}/Target Support Files/Pods-Client-ClientTests/Pods-Client-ClientTests-frameworks-${CONFIGURATION}-output-files.xcfilelist",
			);
			runOnlyForDeploymentPostprocessing = 0;
			shellPath = /bin/sh;
			shellScript = "\"${PODS_ROOT}/Target Support Files/Pods-Client-ClientTests/Pods-Client-ClientTests-frameworks.sh\"\n";
			showEnvVarsInLog = 0;
		};
		970C365F2964D24D394D134F /* [CP] Check Pods Manifest.lock */ = {
			isa = PBXShellScriptBuildPhase;
			buildActionMask = 2147483647;
			files = (
			);
			inputFileListPaths = (
			);
			inputPaths = (
				"${PODS_PODFILE_DIR_PATH}/Podfile.lock",
				"${PODS_ROOT}/Manifest.lock",
			);
			name = "[CP] Check Pods Manifest.lock";
			outputFileListPaths = (
			);
			outputPaths = (
				"$(DERIVED_FILE_DIR)/Pods-iOS-checkManifestLockResult.txt",
			);
			runOnlyForDeploymentPostprocessing = 0;
			shellPath = /bin/sh;
			shellScript = "diff \"${PODS_PODFILE_DIR_PATH}/Podfile.lock\" \"${PODS_ROOT}/Manifest.lock\" > /dev/null\nif [ $? != 0 ] ; then\n    # print error to STDERR\n    echo \"error: The sandbox is not in sync with the Podfile.lock. Run 'pod install' or update your CocoaPods installation.\" >&2\n    exit 1\nfi\n# This output is used by Xcode 'outputs' to avoid re-running this script phase.\necho \"SUCCESS\" > \"${SCRIPT_OUTPUT_FILE_0}\"\n";
			showEnvVarsInLog = 0;
		};
		97A983B772DC61F62993FA41 /* [CP] Check Pods Manifest.lock */ = {
			isa = PBXShellScriptBuildPhase;
			buildActionMask = 2147483647;
			files = (
			);
			inputFileListPaths = (
			);
			inputPaths = (
				"${PODS_PODFILE_DIR_PATH}/Podfile.lock",
				"${PODS_ROOT}/Manifest.lock",
			);
			name = "[CP] Check Pods Manifest.lock";
			outputFileListPaths = (
			);
			outputPaths = (
				"$(DERIVED_FILE_DIR)/Pods-Core-CoreTests-checkManifestLockResult.txt",
			);
			runOnlyForDeploymentPostprocessing = 0;
			shellPath = /bin/sh;
			shellScript = "diff \"${PODS_PODFILE_DIR_PATH}/Podfile.lock\" \"${PODS_ROOT}/Manifest.lock\" > /dev/null\nif [ $? != 0 ] ; then\n    # print error to STDERR\n    echo \"error: The sandbox is not in sync with the Podfile.lock. Run 'pod install' or update your CocoaPods installation.\" >&2\n    exit 1\nfi\n# This output is used by Xcode 'outputs' to avoid re-running this script phase.\necho \"SUCCESS\" > \"${SCRIPT_OUTPUT_FILE_0}\"\n";
			showEnvVarsInLog = 0;
		};
		A45407811A53C4E9E074BC60 /* [CP] Check Pods Manifest.lock */ = {
			isa = PBXShellScriptBuildPhase;
			buildActionMask = 2147483647;
			files = (
			);
			inputFileListPaths = (
			);
			inputPaths = (
				"${PODS_PODFILE_DIR_PATH}/Podfile.lock",
				"${PODS_ROOT}/Manifest.lock",
			);
			name = "[CP] Check Pods Manifest.lock";
			outputFileListPaths = (
			);
			outputPaths = (
				"$(DERIVED_FILE_DIR)/Pods-Client-ClientTests-checkManifestLockResult.txt",
			);
			runOnlyForDeploymentPostprocessing = 0;
			shellPath = /bin/sh;
			shellScript = "diff \"${PODS_PODFILE_DIR_PATH}/Podfile.lock\" \"${PODS_ROOT}/Manifest.lock\" > /dev/null\nif [ $? != 0 ] ; then\n    # print error to STDERR\n    echo \"error: The sandbox is not in sync with the Podfile.lock. Run 'pod install' or update your CocoaPods installation.\" >&2\n    exit 1\nfi\n# This output is used by Xcode 'outputs' to avoid re-running this script phase.\necho \"SUCCESS\" > \"${SCRIPT_OUTPUT_FILE_0}\"\n";
			showEnvVarsInLog = 0;
		};
		F6A13C82865EB69573EE123C /* [CP] Check Pods Manifest.lock */ = {
			isa = PBXShellScriptBuildPhase;
			buildActionMask = 2147483647;
			files = (
			);
			inputFileListPaths = (
			);
			inputPaths = (
				"${PODS_PODFILE_DIR_PATH}/Podfile.lock",
				"${PODS_ROOT}/Manifest.lock",
			);
			name = "[CP] Check Pods Manifest.lock";
			outputFileListPaths = (
			);
			outputPaths = (
				"$(DERIVED_FILE_DIR)/Pods-Client-checkManifestLockResult.txt",
			);
			runOnlyForDeploymentPostprocessing = 0;
			shellPath = /bin/sh;
			shellScript = "diff \"${PODS_PODFILE_DIR_PATH}/Podfile.lock\" \"${PODS_ROOT}/Manifest.lock\" > /dev/null\nif [ $? != 0 ] ; then\n    # print error to STDERR\n    echo \"error: The sandbox is not in sync with the Podfile.lock. Run 'pod install' or update your CocoaPods installation.\" >&2\n    exit 1\nfi\n# This output is used by Xcode 'outputs' to avoid re-running this script phase.\necho \"SUCCESS\" > \"${SCRIPT_OUTPUT_FILE_0}\"\n";
			showEnvVarsInLog = 0;
		};
/* End PBXShellScriptBuildPhase section */

/* Begin PBXSourcesBuildPhase section */
		35E50637286F819F00A3F6EA /* Sources */ = {
			isa = PBXSourcesBuildPhase;
			buildActionMask = 2147483647;
			files = (
				35E50654286F82DC00A3F6EA /* AppDelegate.swift in Sources */,
				35E50656286F830A00A3F6EA /* SceneDelegate.swift in Sources */,
			);
			runOnlyForDeploymentPostprocessing = 0;
		};
		35E5063D286F819F00A3F6EA /* Sources */ = {
			isa = PBXSourcesBuildPhase;
			buildActionMask = 2147483647;
			files = (
				35E5065B286F865900A3F6EA /* macOSApp.swift in Sources */,
			);
			runOnlyForDeploymentPostprocessing = 0;
		};
		35E5065D286F870500A3F6EA /* Sources */ = {
			isa = PBXSourcesBuildPhase;
			buildActionMask = 2147483647;
			files = (
				35E5067E286F871A00A3F6EA /* ClientDummyStruct.swift in Sources */,
			);
			runOnlyForDeploymentPostprocessing = 0;
		};
		35E50664286F870500A3F6EA /* Sources */ = {
			isa = PBXSourcesBuildPhase;
			buildActionMask = 2147483647;
			files = (
				35E50670286F870500A3F6EA /* ClientTests.swift in Sources */,
			);
			runOnlyForDeploymentPostprocessing = 0;
		};
		35E50680286F87A600A3F6EA /* Sources */ = {
			isa = PBXSourcesBuildPhase;
			buildActionMask = 2147483647;
			files = (
				35E506A0286F87D500A3F6EA /* CoreDummyStruct.swift in Sources */,
			);
			runOnlyForDeploymentPostprocessing = 0;
		};
		35E50687286F87A700A3F6EA /* Sources */ = {
			isa = PBXSourcesBuildPhase;
			buildActionMask = 2147483647;
			files = (
				35E50693286F87A700A3F6EA /* CoreTests.swift in Sources */,
			);
			runOnlyForDeploymentPostprocessing = 0;
		};
/* End PBXSourcesBuildPhase section */

/* Begin PBXTargetDependency section */
		35E5066B286F870500A3F6EA /* PBXTargetDependency */ = {
			isa = PBXTargetDependency;
			target = 35E50660286F870500A3F6EA /* Client */;
			targetProxy = 35E5066A286F870500A3F6EA /* PBXContainerItemProxy */;
		};
		35E5066D286F870500A3F6EA /* PBXTargetDependency */ = {
			isa = PBXTargetDependency;
			target = 35E5063A286F819F00A3F6EA /* iOS */;
			targetProxy = 35E5066C286F870500A3F6EA /* PBXContainerItemProxy */;
		};
		35E50673286F870500A3F6EA /* PBXTargetDependency */ = {
			isa = PBXTargetDependency;
			target = 35E50660286F870500A3F6EA /* Client */;
			targetProxy = 35E50672286F870500A3F6EA /* PBXContainerItemProxy */;
		};
		35E5068E286F87A700A3F6EA /* PBXTargetDependency */ = {
			isa = PBXTargetDependency;
			target = 35E50683286F87A600A3F6EA /* Core */;
			targetProxy = 35E5068D286F87A700A3F6EA /* PBXContainerItemProxy */;
		};
		35E50690286F87A700A3F6EA /* PBXTargetDependency */ = {
			isa = PBXTargetDependency;
			target = 35E5063A286F819F00A3F6EA /* iOS */;
			targetProxy = 35E5068F286F87A700A3F6EA /* PBXContainerItemProxy */;
		};
		35E50696286F87A700A3F6EA /* PBXTargetDependency */ = {
			isa = PBXTargetDependency;
			target = 35E50683286F87A600A3F6EA /* Core */;
			targetProxy = 35E50695286F87A700A3F6EA /* PBXContainerItemProxy */;
		};
/* End PBXTargetDependency section */

/* Begin XCBuildConfiguration section */
		35E5064A286F819F00A3F6EA /* Debug */ = {
			isa = XCBuildConfiguration;
			buildSettings = {
				ALWAYS_SEARCH_USER_PATHS = NO;
				CLANG_ANALYZER_NONNULL = YES;
				CLANG_ANALYZER_NUMBER_OBJECT_CONVERSION = YES_AGGRESSIVE;
				CLANG_CXX_LANGUAGE_STANDARD = "gnu++17";
				CLANG_ENABLE_MODULES = YES;
				CLANG_ENABLE_OBJC_ARC = YES;
				CLANG_ENABLE_OBJC_WEAK = YES;
				CLANG_WARN_BLOCK_CAPTURE_AUTORELEASING = YES;
				CLANG_WARN_BOOL_CONVERSION = YES;
				CLANG_WARN_COMMA = YES;
				CLANG_WARN_CONSTANT_CONVERSION = YES;
				CLANG_WARN_DEPRECATED_OBJC_IMPLEMENTATIONS = YES;
				CLANG_WARN_DIRECT_OBJC_ISA_USAGE = YES_ERROR;
				CLANG_WARN_DOCUMENTATION_COMMENTS = YES;
				CLANG_WARN_EMPTY_BODY = YES;
				CLANG_WARN_ENUM_CONVERSION = YES;
				CLANG_WARN_INFINITE_RECURSION = YES;
				CLANG_WARN_INT_CONVERSION = YES;
				CLANG_WARN_NON_LITERAL_NULL_CONVERSION = YES;
				CLANG_WARN_OBJC_IMPLICIT_RETAIN_SELF = YES;
				CLANG_WARN_OBJC_LITERAL_CONVERSION = YES;
				CLANG_WARN_OBJC_ROOT_CLASS = YES_ERROR;
				CLANG_WARN_QUOTED_INCLUDE_IN_FRAMEWORK_HEADER = YES;
				CLANG_WARN_RANGE_LOOP_ANALYSIS = YES;
				CLANG_WARN_STRICT_PROTOTYPES = YES;
				CLANG_WARN_SUSPICIOUS_MOVE = YES;
				CLANG_WARN_UNGUARDED_AVAILABILITY = YES_AGGRESSIVE;
				CLANG_WARN_UNREACHABLE_CODE = YES;
				CLANG_WARN__DUPLICATE_METHOD_MATCH = YES;
				COPY_PHASE_STRIP = NO;
				DEBUG_INFORMATION_FORMAT = dwarf;
				ENABLE_STRICT_OBJC_MSGSEND = YES;
				ENABLE_TESTABILITY = YES;
				GCC_C_LANGUAGE_STANDARD = gnu11;
				GCC_DYNAMIC_NO_PIC = NO;
				GCC_NO_COMMON_BLOCKS = YES;
				GCC_OPTIMIZATION_LEVEL = 0;
				GCC_PREPROCESSOR_DEFINITIONS = (
					"DEBUG=1",
					"$(inherited)",
				);
				GCC_WARN_64_TO_32_BIT_CONVERSION = YES;
				GCC_WARN_ABOUT_RETURN_TYPE = YES_ERROR;
				GCC_WARN_UNDECLARED_SELECTOR = YES;
				GCC_WARN_UNINITIALIZED_AUTOS = YES_AGGRESSIVE;
				GCC_WARN_UNUSED_FUNCTION = YES;
				GCC_WARN_UNUSED_VARIABLE = YES;
				MTL_ENABLE_DEBUG_INFO = INCLUDE_SOURCE;
				MTL_FAST_MATH = YES;
				ONLY_ACTIVE_ARCH = YES;
				SWIFT_ACTIVE_COMPILATION_CONDITIONS = DEBUG;
				SWIFT_OPTIMIZATION_LEVEL = "-Onone";
			};
			name = Debug;
		};
		35E5064B286F819F00A3F6EA /* Release */ = {
			isa = XCBuildConfiguration;
			buildSettings = {
				ALWAYS_SEARCH_USER_PATHS = NO;
				CLANG_ANALYZER_NONNULL = YES;
				CLANG_ANALYZER_NUMBER_OBJECT_CONVERSION = YES_AGGRESSIVE;
				CLANG_CXX_LANGUAGE_STANDARD = "gnu++17";
				CLANG_ENABLE_MODULES = YES;
				CLANG_ENABLE_OBJC_ARC = YES;
				CLANG_ENABLE_OBJC_WEAK = YES;
				CLANG_WARN_BLOCK_CAPTURE_AUTORELEASING = YES;
				CLANG_WARN_BOOL_CONVERSION = YES;
				CLANG_WARN_COMMA = YES;
				CLANG_WARN_CONSTANT_CONVERSION = YES;
				CLANG_WARN_DEPRECATED_OBJC_IMPLEMENTATIONS = YES;
				CLANG_WARN_DIRECT_OBJC_ISA_USAGE = YES_ERROR;
				CLANG_WARN_DOCUMENTATION_COMMENTS = YES;
				CLANG_WARN_EMPTY_BODY = YES;
				CLANG_WARN_ENUM_CONVERSION = YES;
				CLANG_WARN_INFINITE_RECURSION = YES;
				CLANG_WARN_INT_CONVERSION = YES;
				CLANG_WARN_NON_LITERAL_NULL_CONVERSION = YES;
				CLANG_WARN_OBJC_IMPLICIT_RETAIN_SELF = YES;
				CLANG_WARN_OBJC_LITERAL_CONVERSION = YES;
				CLANG_WARN_OBJC_ROOT_CLASS = YES_ERROR;
				CLANG_WARN_QUOTED_INCLUDE_IN_FRAMEWORK_HEADER = YES;
				CLANG_WARN_RANGE_LOOP_ANALYSIS = YES;
				CLANG_WARN_STRICT_PROTOTYPES = YES;
				CLANG_WARN_SUSPICIOUS_MOVE = YES;
				CLANG_WARN_UNGUARDED_AVAILABILITY = YES_AGGRESSIVE;
				CLANG_WARN_UNREACHABLE_CODE = YES;
				CLANG_WARN__DUPLICATE_METHOD_MATCH = YES;
				COPY_PHASE_STRIP = NO;
				DEBUG_INFORMATION_FORMAT = "dwarf-with-dsym";
				ENABLE_NS_ASSERTIONS = NO;
				ENABLE_STRICT_OBJC_MSGSEND = YES;
				GCC_C_LANGUAGE_STANDARD = gnu11;
				GCC_NO_COMMON_BLOCKS = YES;
				GCC_WARN_64_TO_32_BIT_CONVERSION = YES;
				GCC_WARN_ABOUT_RETURN_TYPE = YES_ERROR;
				GCC_WARN_UNDECLARED_SELECTOR = YES;
				GCC_WARN_UNINITIALIZED_AUTOS = YES_AGGRESSIVE;
				GCC_WARN_UNUSED_FUNCTION = YES;
				GCC_WARN_UNUSED_VARIABLE = YES;
				MTL_ENABLE_DEBUG_INFO = NO;
				MTL_FAST_MATH = YES;
				SWIFT_COMPILATION_MODE = wholemodule;
				SWIFT_OPTIMIZATION_LEVEL = "-O";
			};
			name = Release;
		};
		35E5064D286F819F00A3F6EA /* Debug */ = {
			isa = XCBuildConfiguration;
			baseConfigurationReference = 05BB58E3AF6F668997F9A688 /* Pods-iOS.debug.xcconfig */;
			buildSettings = {
				ALWAYS_EMBED_SWIFT_STANDARD_LIBRARIES = YES;
				ASSETCATALOG_COMPILER_APPICON_NAME = AppIcon;
				ASSETCATALOG_COMPILER_GLOBAL_ACCENT_COLOR_NAME = AccentColor;
				CLANG_ENABLE_MODULES = YES;
				CODE_SIGN_STYLE = Automatic;
				CURRENT_PROJECT_VERSION = 1;
				DEVELOPMENT_TEAM = 2SB5Z68H26;
				ENABLE_PREVIEWS = YES;
				GENERATE_INFOPLIST_FILE = YES;
				INFOPLIST_FILE = iOS/Info.plist;
				INFOPLIST_KEY_UIApplicationSupportsIndirectInputEvents = YES;
				INFOPLIST_KEY_UILaunchScreen_Generation = YES;
				INFOPLIST_KEY_UISupportedInterfaceOrientations_iPad = "UIInterfaceOrientationPortrait UIInterfaceOrientationPortraitUpsideDown UIInterfaceOrientationLandscapeLeft UIInterfaceOrientationLandscapeRight";
				INFOPLIST_KEY_UISupportedInterfaceOrientations_iPhone = "UIInterfaceOrientationPortrait UIInterfaceOrientationLandscapeLeft UIInterfaceOrientationLandscapeRight";
				IPHONEOS_DEPLOYMENT_TARGET = 14.0;
				LD_RUNPATH_SEARCH_PATHS = (
					"$(inherited)",
					"@executable_path/Frameworks",
				);
				MARKETING_VERSION = 1.0;
				PRODUCT_BUNDLE_IDENTIFIER = me.proton.key.ios;
				PRODUCT_NAME = "Proton Key";
				SDKROOT = iphoneos;
				SWIFT_EMIT_LOC_STRINGS = YES;
				SWIFT_OPTIMIZATION_LEVEL = "-Onone";
				SWIFT_VERSION = 5.0;
				TARGETED_DEVICE_FAMILY = "1,2";
			};
			name = Debug;
		};
		35E5064E286F819F00A3F6EA /* Release */ = {
			isa = XCBuildConfiguration;
			baseConfigurationReference = 09F3C53F6D63359F1D2BB611 /* Pods-iOS.release.xcconfig */;
			buildSettings = {
				ALWAYS_EMBED_SWIFT_STANDARD_LIBRARIES = YES;
				ASSETCATALOG_COMPILER_APPICON_NAME = AppIcon;
				ASSETCATALOG_COMPILER_GLOBAL_ACCENT_COLOR_NAME = AccentColor;
				CLANG_ENABLE_MODULES = YES;
				CODE_SIGN_STYLE = Automatic;
				CURRENT_PROJECT_VERSION = 1;
				DEVELOPMENT_TEAM = 2SB5Z68H26;
				ENABLE_PREVIEWS = YES;
				GENERATE_INFOPLIST_FILE = YES;
				INFOPLIST_FILE = iOS/Info.plist;
				INFOPLIST_KEY_UIApplicationSupportsIndirectInputEvents = YES;
				INFOPLIST_KEY_UILaunchScreen_Generation = YES;
				INFOPLIST_KEY_UISupportedInterfaceOrientations_iPad = "UIInterfaceOrientationPortrait UIInterfaceOrientationPortraitUpsideDown UIInterfaceOrientationLandscapeLeft UIInterfaceOrientationLandscapeRight";
				INFOPLIST_KEY_UISupportedInterfaceOrientations_iPhone = "UIInterfaceOrientationPortrait UIInterfaceOrientationLandscapeLeft UIInterfaceOrientationLandscapeRight";
				IPHONEOS_DEPLOYMENT_TARGET = 14.0;
				LD_RUNPATH_SEARCH_PATHS = (
					"$(inherited)",
					"@executable_path/Frameworks",
				);
				MARKETING_VERSION = 1.0;
				PRODUCT_BUNDLE_IDENTIFIER = me.proton.key.ios;
				PRODUCT_NAME = "Proton Key";
				SDKROOT = iphoneos;
				SWIFT_EMIT_LOC_STRINGS = YES;
				SWIFT_VERSION = 5.0;
				TARGETED_DEVICE_FAMILY = "1,2";
				VALIDATE_PRODUCT = YES;
			};
			name = Release;
		};
		35E50650286F819F00A3F6EA /* Debug */ = {
			isa = XCBuildConfiguration;
			baseConfigurationReference = 3CDC57C290CF2F32BE9B8B39 /* Pods-macOS.debug.xcconfig */;
			buildSettings = {
				ASSETCATALOG_COMPILER_APPICON_NAME = AppIcon;
				ASSETCATALOG_COMPILER_GLOBAL_ACCENT_COLOR_NAME = AccentColor;
				CLANG_ENABLE_MODULES = YES;
				CODE_SIGN_ENTITLEMENTS = macOS/macOS.entitlements;
				CODE_SIGN_STYLE = Automatic;
				COMBINE_HIDPI_IMAGES = YES;
				CURRENT_PROJECT_VERSION = 1;
				DEVELOPMENT_TEAM = 2SB5Z68H26;
				ENABLE_HARDENED_RUNTIME = YES;
				ENABLE_PREVIEWS = YES;
				GENERATE_INFOPLIST_FILE = YES;
				INFOPLIST_KEY_LSApplicationCategoryType = "public.app-category.utilities";
				INFOPLIST_KEY_NSHumanReadableCopyright = "";
				LD_RUNPATH_SEARCH_PATHS = (
					"$(inherited)",
					"@executable_path/../Frameworks",
				);
				MACOSX_DEPLOYMENT_TARGET = 11.0;
				MARKETING_VERSION = 1.0;
				PRODUCT_BUNDLE_IDENTIFIER = me.proton.key.macos;
				PRODUCT_NAME = "Proton Key";
				SDKROOT = macosx;
				SWIFT_EMIT_LOC_STRINGS = YES;
				SWIFT_OPTIMIZATION_LEVEL = "-Onone";
				SWIFT_VERSION = 5.0;
			};
			name = Debug;
		};
		35E50651286F819F00A3F6EA /* Release */ = {
			isa = XCBuildConfiguration;
			baseConfigurationReference = 1A319647D011E96DE85C3A50 /* Pods-macOS.release.xcconfig */;
			buildSettings = {
				ASSETCATALOG_COMPILER_APPICON_NAME = AppIcon;
				ASSETCATALOG_COMPILER_GLOBAL_ACCENT_COLOR_NAME = AccentColor;
				CLANG_ENABLE_MODULES = YES;
				CODE_SIGN_ENTITLEMENTS = macOS/macOS.entitlements;
				CODE_SIGN_STYLE = Automatic;
				COMBINE_HIDPI_IMAGES = YES;
				CURRENT_PROJECT_VERSION = 1;
				DEVELOPMENT_TEAM = 2SB5Z68H26;
				ENABLE_HARDENED_RUNTIME = YES;
				ENABLE_PREVIEWS = YES;
				GENERATE_INFOPLIST_FILE = YES;
				INFOPLIST_KEY_LSApplicationCategoryType = "public.app-category.utilities";
				INFOPLIST_KEY_NSHumanReadableCopyright = "";
				LD_RUNPATH_SEARCH_PATHS = (
					"$(inherited)",
					"@executable_path/../Frameworks",
				);
				MACOSX_DEPLOYMENT_TARGET = 11.0;
				MARKETING_VERSION = 1.0;
				PRODUCT_BUNDLE_IDENTIFIER = me.proton.key.macos;
				PRODUCT_NAME = "Proton Key";
				SDKROOT = macosx;
				SWIFT_EMIT_LOC_STRINGS = YES;
				SWIFT_VERSION = 5.0;
			};
			name = Release;
		};
		35E50677286F870500A3F6EA /* Debug */ = {
			isa = XCBuildConfiguration;
			baseConfigurationReference = 259E778BA83D0093652C7BDF /* Pods-Client.debug.xcconfig */;
			buildSettings = {
				CLANG_ENABLE_MODULES = YES;
				CODE_SIGN_STYLE = Automatic;
				CURRENT_PROJECT_VERSION = 1;
				DEFINES_MODULE = YES;
				DEVELOPMENT_TEAM = 2SB5Z68H26;
				DYLIB_COMPATIBILITY_VERSION = 1;
				DYLIB_CURRENT_VERSION = 1;
				DYLIB_INSTALL_NAME_BASE = "@rpath";
				GENERATE_INFOPLIST_FILE = YES;
				INFOPLIST_KEY_NSHumanReadableCopyright = "";
				INSTALL_PATH = "$(LOCAL_LIBRARY_DIR)/Frameworks";
				IPHONEOS_DEPLOYMENT_TARGET = 14.0;
				LD_RUNPATH_SEARCH_PATHS = (
					"$(inherited)",
					"@executable_path/Frameworks",
					"@loader_path/Frameworks",
				);
				MARKETING_VERSION = 1.0;
				PRODUCT_BUNDLE_IDENTIFIER = me.proton.key.client;
				PRODUCT_NAME = "$(TARGET_NAME:c99extidentifier)";
				SDKROOT = iphoneos;
				SKIP_INSTALL = YES;
				SWIFT_EMIT_LOC_STRINGS = YES;
				SWIFT_OPTIMIZATION_LEVEL = "-Onone";
				SWIFT_VERSION = 5.0;
				TARGETED_DEVICE_FAMILY = "1,2";
				VERSIONING_SYSTEM = "apple-generic";
				VERSION_INFO_PREFIX = "";
			};
			name = Debug;
		};
		35E50678286F870500A3F6EA /* Release */ = {
			isa = XCBuildConfiguration;
			baseConfigurationReference = 9A07426AD9500D93BED2EBAD /* Pods-Client.release.xcconfig */;
			buildSettings = {
				CLANG_ENABLE_MODULES = YES;
				CODE_SIGN_STYLE = Automatic;
				CURRENT_PROJECT_VERSION = 1;
				DEFINES_MODULE = YES;
				DEVELOPMENT_TEAM = 2SB5Z68H26;
				DYLIB_COMPATIBILITY_VERSION = 1;
				DYLIB_CURRENT_VERSION = 1;
				DYLIB_INSTALL_NAME_BASE = "@rpath";
				GENERATE_INFOPLIST_FILE = YES;
				INFOPLIST_KEY_NSHumanReadableCopyright = "";
				INSTALL_PATH = "$(LOCAL_LIBRARY_DIR)/Frameworks";
				IPHONEOS_DEPLOYMENT_TARGET = 14.0;
				LD_RUNPATH_SEARCH_PATHS = (
					"$(inherited)",
					"@executable_path/Frameworks",
					"@loader_path/Frameworks",
				);
				MARKETING_VERSION = 1.0;
				PRODUCT_BUNDLE_IDENTIFIER = me.proton.key.client;
				PRODUCT_NAME = "$(TARGET_NAME:c99extidentifier)";
				SDKROOT = iphoneos;
				SKIP_INSTALL = YES;
				SWIFT_EMIT_LOC_STRINGS = YES;
				SWIFT_VERSION = 5.0;
				TARGETED_DEVICE_FAMILY = "1,2";
				VALIDATE_PRODUCT = YES;
				VERSIONING_SYSTEM = "apple-generic";
				VERSION_INFO_PREFIX = "";
			};
			name = Release;
		};
		35E5067B286F870500A3F6EA /* Debug */ = {
			isa = XCBuildConfiguration;
			baseConfigurationReference = 2A2387AA3DDC1A71F6C10348 /* Pods-Client-ClientTests.debug.xcconfig */;
			buildSettings = {
				ALWAYS_EMBED_SWIFT_STANDARD_LIBRARIES = YES;
				BUNDLE_LOADER = "$(TEST_HOST)";
				CODE_SIGN_STYLE = Automatic;
				CURRENT_PROJECT_VERSION = 1;
				DEVELOPMENT_TEAM = 2SB5Z68H26;
				GENERATE_INFOPLIST_FILE = YES;
				IPHONEOS_DEPLOYMENT_TARGET = 15.4;
				MARKETING_VERSION = 1.0;
				PRODUCT_BUNDLE_IDENTIFIER = me.proton.key.ClientTests;
				PRODUCT_NAME = "$(TARGET_NAME)";
				SDKROOT = iphoneos;
				SWIFT_EMIT_LOC_STRINGS = NO;
				SWIFT_VERSION = 5.0;
				TARGETED_DEVICE_FAMILY = "1,2";
				TEST_HOST = "$(BUILT_PRODUCTS_DIR)/Proton Key.app/Proton Key";
			};
			name = Debug;
		};
		35E5067C286F870500A3F6EA /* Release */ = {
			isa = XCBuildConfiguration;
			baseConfigurationReference = D817C441253549DC8F078A3F /* Pods-Client-ClientTests.release.xcconfig */;
			buildSettings = {
				ALWAYS_EMBED_SWIFT_STANDARD_LIBRARIES = YES;
				BUNDLE_LOADER = "$(TEST_HOST)";
				CODE_SIGN_STYLE = Automatic;
				CURRENT_PROJECT_VERSION = 1;
				DEVELOPMENT_TEAM = 2SB5Z68H26;
				GENERATE_INFOPLIST_FILE = YES;
				IPHONEOS_DEPLOYMENT_TARGET = 15.4;
				MARKETING_VERSION = 1.0;
				PRODUCT_BUNDLE_IDENTIFIER = me.proton.key.ClientTests;
				PRODUCT_NAME = "$(TARGET_NAME)";
				SDKROOT = iphoneos;
				SWIFT_EMIT_LOC_STRINGS = NO;
				SWIFT_VERSION = 5.0;
				TARGETED_DEVICE_FAMILY = "1,2";
				TEST_HOST = "$(BUILT_PRODUCTS_DIR)/Proton Key.app/Proton Key";
				VALIDATE_PRODUCT = YES;
			};
			name = Release;
		};
		35E5069A286F87A700A3F6EA /* Debug */ = {
			isa = XCBuildConfiguration;
			baseConfigurationReference = D27E0A5EAE9B0698D5A72C3D /* Pods-Core.debug.xcconfig */;
			buildSettings = {
				CLANG_ENABLE_MODULES = YES;
				CODE_SIGN_STYLE = Automatic;
				CURRENT_PROJECT_VERSION = 1;
				DEFINES_MODULE = YES;
				DEVELOPMENT_TEAM = 2SB5Z68H26;
				DYLIB_COMPATIBILITY_VERSION = 1;
				DYLIB_CURRENT_VERSION = 1;
				DYLIB_INSTALL_NAME_BASE = "@rpath";
				GENERATE_INFOPLIST_FILE = YES;
				INFOPLIST_KEY_NSHumanReadableCopyright = "";
				INSTALL_PATH = "$(LOCAL_LIBRARY_DIR)/Frameworks";
				IPHONEOS_DEPLOYMENT_TARGET = 14.0;
				LD_RUNPATH_SEARCH_PATHS = (
					"$(inherited)",
					"@executable_path/Frameworks",
					"@loader_path/Frameworks",
				);
				MARKETING_VERSION = 1.0;
				PRODUCT_BUNDLE_IDENTIFIER = me.proton.key.core;
				PRODUCT_NAME = "$(TARGET_NAME:c99extidentifier)";
				SDKROOT = iphoneos;
				SKIP_INSTALL = YES;
				SWIFT_EMIT_LOC_STRINGS = YES;
				SWIFT_OPTIMIZATION_LEVEL = "-Onone";
				SWIFT_VERSION = 5.0;
				TARGETED_DEVICE_FAMILY = "1,2";
				VERSIONING_SYSTEM = "apple-generic";
				VERSION_INFO_PREFIX = "";
			};
			name = Debug;
		};
		35E5069B286F87A700A3F6EA /* Release */ = {
			isa = XCBuildConfiguration;
			baseConfigurationReference = DFC4C15957574DF9317C4FE1 /* Pods-Core.release.xcconfig */;
			buildSettings = {
				CLANG_ENABLE_MODULES = YES;
				CODE_SIGN_STYLE = Automatic;
				CURRENT_PROJECT_VERSION = 1;
				DEFINES_MODULE = YES;
				DEVELOPMENT_TEAM = 2SB5Z68H26;
				DYLIB_COMPATIBILITY_VERSION = 1;
				DYLIB_CURRENT_VERSION = 1;
				DYLIB_INSTALL_NAME_BASE = "@rpath";
				GENERATE_INFOPLIST_FILE = YES;
				INFOPLIST_KEY_NSHumanReadableCopyright = "";
				INSTALL_PATH = "$(LOCAL_LIBRARY_DIR)/Frameworks";
				IPHONEOS_DEPLOYMENT_TARGET = 14.0;
				LD_RUNPATH_SEARCH_PATHS = (
					"$(inherited)",
					"@executable_path/Frameworks",
					"@loader_path/Frameworks",
				);
				MARKETING_VERSION = 1.0;
				PRODUCT_BUNDLE_IDENTIFIER = me.proton.key.core;
				PRODUCT_NAME = "$(TARGET_NAME:c99extidentifier)";
				SDKROOT = iphoneos;
				SKIP_INSTALL = YES;
				SWIFT_EMIT_LOC_STRINGS = YES;
				SWIFT_VERSION = 5.0;
				TARGETED_DEVICE_FAMILY = "1,2";
				VALIDATE_PRODUCT = YES;
				VERSIONING_SYSTEM = "apple-generic";
				VERSION_INFO_PREFIX = "";
			};
			name = Release;
		};
		35E5069D286F87A700A3F6EA /* Debug */ = {
			isa = XCBuildConfiguration;
			baseConfigurationReference = 946F2D8BDA19ED0C714A6A22 /* Pods-Core-CoreTests.debug.xcconfig */;
			buildSettings = {
				ALWAYS_EMBED_SWIFT_STANDARD_LIBRARIES = YES;
				BUNDLE_LOADER = "$(TEST_HOST)";
				CODE_SIGN_STYLE = Automatic;
				CURRENT_PROJECT_VERSION = 1;
				DEVELOPMENT_TEAM = 2SB5Z68H26;
				GENERATE_INFOPLIST_FILE = YES;
				IPHONEOS_DEPLOYMENT_TARGET = 15.4;
				MARKETING_VERSION = 1.0;
				PRODUCT_BUNDLE_IDENTIFIER = me.proton.key.CoreTests;
				PRODUCT_NAME = "$(TARGET_NAME)";
				SDKROOT = iphoneos;
				SWIFT_EMIT_LOC_STRINGS = NO;
				SWIFT_VERSION = 5.0;
				TARGETED_DEVICE_FAMILY = "1,2";
				TEST_HOST = "$(BUILT_PRODUCTS_DIR)/Proton Key.app/Proton Key";
			};
			name = Debug;
		};
		35E5069E286F87A700A3F6EA /* Release */ = {
			isa = XCBuildConfiguration;
			baseConfigurationReference = 07E7A7EB42F8AB28ADFC55C9 /* Pods-Core-CoreTests.release.xcconfig */;
			buildSettings = {
				ALWAYS_EMBED_SWIFT_STANDARD_LIBRARIES = YES;
				BUNDLE_LOADER = "$(TEST_HOST)";
				CODE_SIGN_STYLE = Automatic;
				CURRENT_PROJECT_VERSION = 1;
				DEVELOPMENT_TEAM = 2SB5Z68H26;
				GENERATE_INFOPLIST_FILE = YES;
				IPHONEOS_DEPLOYMENT_TARGET = 15.4;
				MARKETING_VERSION = 1.0;
				PRODUCT_BUNDLE_IDENTIFIER = me.proton.key.CoreTests;
				PRODUCT_NAME = "$(TARGET_NAME)";
				SDKROOT = iphoneos;
				SWIFT_EMIT_LOC_STRINGS = NO;
				SWIFT_VERSION = 5.0;
				TARGETED_DEVICE_FAMILY = "1,2";
				TEST_HOST = "$(BUILT_PRODUCTS_DIR)/Proton Key.app/Proton Key";
				VALIDATE_PRODUCT = YES;
			};
			name = Release;
		};
/* End XCBuildConfiguration section */

/* Begin XCConfigurationList section */
		35E50632286F819F00A3F6EA /* Build configuration list for PBXProject "Proton Key" */ = {
			isa = XCConfigurationList;
			buildConfigurations = (
				35E5064A286F819F00A3F6EA /* Debug */,
				35E5064B286F819F00A3F6EA /* Release */,
			);
			defaultConfigurationIsVisible = 0;
			defaultConfigurationName = Release;
		};
		35E5064C286F819F00A3F6EA /* Build configuration list for PBXNativeTarget "iOS" */ = {
			isa = XCConfigurationList;
			buildConfigurations = (
				35E5064D286F819F00A3F6EA /* Debug */,
				35E5064E286F819F00A3F6EA /* Release */,
			);
			defaultConfigurationIsVisible = 0;
			defaultConfigurationName = Release;
		};
		35E5064F286F819F00A3F6EA /* Build configuration list for PBXNativeTarget "macOS" */ = {
			isa = XCConfigurationList;
			buildConfigurations = (
				35E50650286F819F00A3F6EA /* Debug */,
				35E50651286F819F00A3F6EA /* Release */,
			);
			defaultConfigurationIsVisible = 0;
			defaultConfigurationName = Release;
		};
		35E50676286F870500A3F6EA /* Build configuration list for PBXNativeTarget "Client" */ = {
			isa = XCConfigurationList;
			buildConfigurations = (
				35E50677286F870500A3F6EA /* Debug */,
				35E50678286F870500A3F6EA /* Release */,
			);
			defaultConfigurationIsVisible = 0;
			defaultConfigurationName = Release;
		};
		35E5067A286F870500A3F6EA /* Build configuration list for PBXNativeTarget "ClientTests" */ = {
			isa = XCConfigurationList;
			buildConfigurations = (
				35E5067B286F870500A3F6EA /* Debug */,
				35E5067C286F870500A3F6EA /* Release */,
			);
			defaultConfigurationIsVisible = 0;
			defaultConfigurationName = Release;
		};
		35E50699286F87A700A3F6EA /* Build configuration list for PBXNativeTarget "Core" */ = {
			isa = XCConfigurationList;
			buildConfigurations = (
				35E5069A286F87A700A3F6EA /* Debug */,
				35E5069B286F87A700A3F6EA /* Release */,
			);
			defaultConfigurationIsVisible = 0;
			defaultConfigurationName = Release;
		};
		35E5069C286F87A700A3F6EA /* Build configuration list for PBXNativeTarget "CoreTests" */ = {
			isa = XCConfigurationList;
			buildConfigurations = (
				35E5069D286F87A700A3F6EA /* Debug */,
				35E5069E286F87A700A3F6EA /* Release */,
			);
			defaultConfigurationIsVisible = 0;
			defaultConfigurationName = Release;
		};
/* End XCConfigurationList section */
	};
	rootObject = 35E5062F286F819F00A3F6EA /* Project object */;
}
