<?xml version="1.0" encoding="UTF-8"?>
<Scheme
   LastUpgradeVersion = "1600"
   version = "1.7">
   <BuildAction
      parallelizeBuildables = "YES"
      buildImplicitDependencies = "YES">
   </BuildAction>
   <TestAction
      buildConfiguration = "Debug-QA"
      selectedDebuggerIdentifier = "Xcode.DebuggerFoundation.Debugger.LLDB"
      selectedLauncherIdentifier = "Xcode.DebuggerFoundation.Launcher.LLDB"
      shouldUseLaunchSchemeArgsEnv = "YES">
      <PreActions>
         <ExecutionAction
            ActionType = "Xcode.IDEStandardExecutionActionsCore.ExecutionActionType.ShellScriptAction">
            <ActionContent
               title = "Run Script"
               scriptText = "# Type a script or drag a script file from your workspace to insert its path.&#10;xcrun simctl --set ~/Library/Developer/XCTestDevices list devices | grep -E &quot;Booted&quot; | sed -E &apos;s/.*\(([A-F0-9-]+)\).*/\1/&apos;| xargs -I {} plutil -replace restrictedBool.allowPasswordAutoFill.value -bool NO ~/Library/Developer/XCTestDevices/{}/data/Containers/Shared/SystemGroup/systemgroup.com.apple.configurationprofiles/Library/ConfigurationProfiles/UserSettings.plist&#10;xcrun simctl --set ~/Library/Developer/XCTestDevices list devices | grep -E &quot;Booted&quot; | sed -E &apos;s/.*\(([A-F0-9-]+)\).*/\1/&apos;| xargs -I {} plutil -replace restrictedBool.allowPasswordAutoFill.value -bool NO ~/Library/Developer/XCTestDevices/{}/data/Library/UserConfigurationProfiles/EffectiveUserSettings.plist&#10;xcrun simctl --set ~/Library/Developer/XCTestDevices list devices | grep -E &quot;Booted&quot; | sed -E &apos;s/.*\(([A-F0-9-]+)\).*/\1/&apos;| xargs -I {} plutil -replace restrictedBool.allowPasswordAutoFill.value -bool NO ~/Library/Developer/XCTestDevices/{}/data/Library/UserConfigurationProfiles/PublicInfo/PublicEffectiveUserSettings.plist&#10;xcrun simctl list devices | grep -E &quot;Booted&quot; | sed -E &apos;s/.*\(([A-F0-9-]+)\).*/\1/&apos;| xargs -I {} plutil -replace restrictedBool.allowPasswordAutoFill.value -bool NO ~/Library/Developer/CoreSimulator/Devices/{}/data/Containers/Shared/SystemGroup/systemgroup.com.apple.configurationprofiles/Library/ConfigurationProfiles/UserSettings.plist&#10;xcrun simctl list devices | grep -E &quot;Booted&quot; | sed -E &apos;s/.*\(([A-F0-9-]+)\).*/\1/&apos;| xargs -I {} plutil -replace restrictedBool.allowPasswordAutoFill.value -bool NO ~/Library/Developer/CoreSimulator/Devices/{}/data/Library/UserConfigurationProfiles/EffectiveUserSettings.plist&#10;xcrun simctl list devices | grep -E &quot;Booted&quot; | sed -E &apos;s/.*\(([A-F0-9-]+)\).*/\1/&apos;| xargs -I {} plutil -replace restrictedBool.allowPasswordAutoFill.value -bool NO ~/Library/Developer/CoreSimulator/Devices/{}/data/Library/UserConfigurationProfiles/PublicInfo/PublicEffectiveUserSettings.plist&#10;">
            </ActionContent>
         </ExecutionAction>
      </PreActions>
      <TestPlans>
         <TestPlanReference
            reference = "container:TestPlans/iOSUI.xctestplan"
            default = "YES">
         </TestPlanReference>
         <TestPlanReference
            reference = "container:TestPlans/iOSUIPayments.xctestplan">
         </TestPlanReference>
         <TestPlanReference
            reference = "container:TestPlans/iOSUIMock.xctestplan">
         </TestPlanReference>
      </TestPlans>
      <Testables>
         <TestableReference
            skipped = "NO"
            parallelizable = "YES">
            <BuildableReference
               BuildableIdentifier = "primary"
               BlueprintIdentifier = "75283BD42946E1A8006658A6"
               BuildableName = "iOSUITests.xctest"
               BlueprintName = "iOSUITests"
               ReferencedContainer = "container:ProtonPass.xcodeproj">
            </BuildableReference>
         </TestableReference>
      </Testables>
   </TestAction>
   <LaunchAction
      buildConfiguration = "Debug-QA"
      selectedDebuggerIdentifier = "Xcode.DebuggerFoundation.Debugger.LLDB"
      selectedLauncherIdentifier = "Xcode.DebuggerFoundation.Launcher.LLDB"
      launchStyle = "0"
      useCustomWorkingDirectory = "NO"
      ignoresPersistentStateOnLaunch = "NO"
      debugDocumentVersioning = "YES"
      debugServiceExtension = "internal"
      allowLocationSimulation = "YES">
      <StoreKitConfigurationFileReference
         identifier = "../../iOSUITests/Subscription/Proton Pass - Password Manager.storekit">
      </StoreKitConfigurationFileReference>
   </LaunchAction>
   <ProfileAction
      buildConfiguration = "Debug-QA"
      shouldUseLaunchSchemeArgsEnv = "YES"
      savedToolIdentifier = ""
      useCustomWorkingDirectory = "NO"
      debugDocumentVersioning = "YES">
   </ProfileAction>
   <AnalyzeAction
      buildConfiguration = "Debug-QA">
   </AnalyzeAction>
   <ArchiveAction
      buildConfiguration = "Release"
      revealArchiveInOrganizer = "YES">
   </ArchiveAction>
</Scheme>
